PODS:
  - commonios (0.2.0)
  - TangramKit (1.4.0)

DEPENDENCIES:
  - commonios
  - TangramKit

SPEC REPOS:
  https://github.com/codemonarch/MonarchSpec.git:
    - commonios
    - TangramKit

SPEC CHECKSUMS:
  commonios: 73fc3ef8e39c7516a9b888fd39f2f7e77a78b78f
  TangramKit: 471fd93269814de9936d477070b5894e2ff12089

PODFILE CHECKSUM: 210996069de0ac3aec3c7fc573862b07aa6c11d8

COCOAPODS: 1.7.5
