// !$*UTF8*$!
{
	archiveVersion = 1;
	classes = {
	};
	objectVersion = 46;
	objects = {

/* Begin PBXBuildFile section */
		3076CDC21809B47200527E6C /* Foundation.framework in Frameworks */ = {isa = PBXBuildFile; fileRef = 3076CDC11809B47200527E6C /* Foundation.framework */; };
		3076CDC41809B47200527E6C /* CoreGraphics.framework in Frameworks */ = {isa = PBXBuildFile; fileRef = 3076CDC31809B47200527E6C /* CoreGraphics.framework */; };
		3076CDC61809B47200527E6C /* UIKit.framework in Frameworks */ = {isa = PBXBuildFile; fileRef = 3076CDC51809B47200527E6C /* UIKit.framework */; };
		3076CDCC1809B47200527E6C /* InfoPlist.strings in Resources */ = {isa = PBXBuildFile; fileRef = 3076CDCA1809B47200527E6C /* InfoPlist.strings */; };
		3076CDCE1809B47200527E6C /* main.m in Sources */ = {isa = PBXBuildFile; fileRef = 3076CDCD1809B47200527E6C /* main.m */; };
		3076CDD21809B47200527E6C /* AppDelegate.m in Sources */ = {isa = PBXBuildFile; fileRef = 3076CDD11809B47200527E6C /* AppDelegate.m */; };
		3076CDD51809B47200527E6C /* Main.storyboard in Resources */ = {isa = PBXBuildFile; fileRef = 3076CDD31809B47200527E6C /* Main.storyboard */; };
		3076CDDA1809B47200527E6C /* Images.xcassets in Resources */ = {isa = PBXBuildFile; fileRef = 3076CDD91809B47200527E6C /* Images.xcassets */; };
		3076CDE11809B47200527E6C /* XCTest.framework in Frameworks */ = {isa = PBXBuildFile; fileRef = 3076CDE01809B47200527E6C /* XCTest.framework */; };
		3076CDE21809B47200527E6C /* Foundation.framework in Frameworks */ = {isa = PBXBuildFile; fileRef = 3076CDC11809B47200527E6C /* Foundation.framework */; };
		3076CDE31809B47200527E6C /* UIKit.framework in Frameworks */ = {isa = PBXBuildFile; fileRef = 3076CDC51809B47200527E6C /* UIKit.framework */; };
		92019F4E19D5108200251F82 /* AboutView.m in Sources */ = {isa = PBXBuildFile; fileRef = 92019F4D19D5108200251F82 /* AboutView.m */; };
		92019F5019D5109200251F82 /* AboutView.xib in Resources */ = {isa = PBXBuildFile; fileRef = 92019F4F19D5109200251F82 /* AboutView.xib */; };
		920E859419D44904008020C7 /* SingleStories.storyboard in Resources */ = {isa = PBXBuildFile; fileRef = 920E859219D44904008020C7 /* SingleStories.storyboard */; };
		920E859819D45788008020C7 /* PushUtils.m in Sources */ = {isa = PBXBuildFile; fileRef = 920E859719D45788008020C7 /* PushUtils.m */; };
		920E859B19D45940008020C7 /* CardStory.storyboard in Resources */ = {isa = PBXBuildFile; fileRef = 920E859919D45940008020C7 /* CardStory.storyboard */; };
		920EC06319C12FEF007F9F39 /* fav.db in Resources */ = {isa = PBXBuildFile; fileRef = 920EC06119C12FEF007F9F39 /* fav.db */; };
		920EC06419C12FEF007F9F39 /* yugioh.db in Resources */ = {isa = PBXBuildFile; fileRef = 920EC06219C12FEF007F9F39 /* yugioh.db */; };
		921873FB19BFD87F00EA94B0 /* RECommonFunctions.m in Sources */ = {isa = PBXBuildFile; fileRef = 921873F619BFD87F00EA94B0 /* RECommonFunctions.m */; };
		921873FC19BFD87F00EA94B0 /* RESideMenu.m in Sources */ = {isa = PBXBuildFile; fileRef = 921873F819BFD87F00EA94B0 /* RESideMenu.m */; };
		921873FD19BFD87F00EA94B0 /* UIViewController+RESideMenu.m in Sources */ = {isa = PBXBuildFile; fileRef = 921873FA19BFD87F00EA94B0 /* UIViewController+RESideMenu.m */; };
		921873FF19BFD8D500EA94B0 /* QuartzCore.framework in Frameworks */ = {isa = PBXBuildFile; fileRef = 921873FE19BFD8D500EA94B0 /* QuartzCore.framework */; };
		9218740119BFD8DB00EA94B0 /* libsqlite3.dylib in Frameworks */ = {isa = PBXBuildFile; fileRef = 9218740019BFD8DB00EA94B0 /* libsqlite3.dylib */; };
		9240086419C9193400D58BC6 /* PackItem.m in Sources */ = {isa = PBXBuildFile; fileRef = 9240086319C9193400D58BC6 /* PackItem.m */; };
		9240086719C921E100D58BC6 /* PackDetailViewController.m in Sources */ = {isa = PBXBuildFile; fileRef = 9240086619C921E100D58BC6 /* PackDetailViewController.m */; };
		9247784719D29688001DC337 /* ApplicationUtils.m in Sources */ = {isa = PBXBuildFile; fileRef = 9247784619D29688001DC337 /* ApplicationUtils.m */; };
		9286C54A19C7E20900BF9BC5 /* DatabaseUtils.m in Sources */ = {isa = PBXBuildFile; fileRef = 9286C54719C7E20800BF9BC5 /* DatabaseUtils.m */; };
		9286C54B19C7E20900BF9BC5 /* HttpUtils.m in Sources */ = {isa = PBXBuildFile; fileRef = 9286C54919C7E20800BF9BC5 /* HttpUtils.m */; };
		9286C55119C7E23300BF9BC5 /* CardConsts.m in Sources */ = {isa = PBXBuildFile; fileRef = 9286C54E19C7E23300BF9BC5 /* CardConsts.m */; };
		9286C55219C7E23300BF9BC5 /* CardItem.m in Sources */ = {isa = PBXBuildFile; fileRef = 9286C55019C7E23300BF9BC5 /* CardItem.m */; };
		9286C55519C7E24500BF9BC5 /* CardAttributePicker.m in Sources */ = {isa = PBXBuildFile; fileRef = 9286C55419C7E24500BF9BC5 /* CardAttributePicker.m */; };
		9286C58319C7E25B00BF9BC5 /* CardAdjustViewController.m in Sources */ = {isa = PBXBuildFile; fileRef = 9286C55919C7E25B00BF9BC5 /* CardAdjustViewController.m */; };
		9286C58419C7E25B00BF9BC5 /* CardInfoViewController.m in Sources */ = {isa = PBXBuildFile; fileRef = 9286C55B19C7E25B00BF9BC5 /* CardInfoViewController.m */; };
		9286C58519C7E25B00BF9BC5 /* CardPicViewController.m in Sources */ = {isa = PBXBuildFile; fileRef = 9286C55D19C7E25B00BF9BC5 /* CardPicViewController.m */; };
		9286C58619C7E25B00BF9BC5 /* CardViewController.m in Sources */ = {isa = PBXBuildFile; fileRef = 9286C55F19C7E25B00BF9BC5 /* CardViewController.m */; };
		9286C58719C7E25B00BF9BC5 /* FavViewController.m in Sources */ = {isa = PBXBuildFile; fileRef = 9286C56119C7E25B00BF9BC5 /* FavViewController.m */; };
		9286C58819C7E25B00BF9BC5 /* FeedbackViewController.m in Sources */ = {isa = PBXBuildFile; fileRef = 9286C56319C7E25B00BF9BC5 /* FeedbackViewController.m */; };
		9286C58919C7E25B00BF9BC5 /* LatestViewController.m in Sources */ = {isa = PBXBuildFile; fileRef = 9286C56519C7E25B00BF9BC5 /* LatestViewController.m */; };
		9286C58A19C7E25B00BF9BC5 /* LeftMenuViewController.m in Sources */ = {isa = PBXBuildFile; fileRef = 9286C56719C7E25B00BF9BC5 /* LeftMenuViewController.m */; };
		9286C58B19C7E25B00BF9BC5 /* Limit1ViewController.m in Sources */ = {isa = PBXBuildFile; fileRef = 9286C56919C7E25B00BF9BC5 /* Limit1ViewController.m */; };
		9286C58C19C7E25B00BF9BC5 /* Limit2ViewController.m in Sources */ = {isa = PBXBuildFile; fileRef = 9286C56B19C7E25B00BF9BC5 /* Limit2ViewController.m */; };
		9286C58D19C7E25B00BF9BC5 /* LimitBanViewController.m in Sources */ = {isa = PBXBuildFile; fileRef = 9286C56D19C7E25B00BF9BC5 /* LimitBanViewController.m */; };
		9286C59019C7E25B00BF9BC5 /* PackViewController.m in Sources */ = {isa = PBXBuildFile; fileRef = 9286C57319C7E25B00BF9BC5 /* PackViewController.m */; };
		9286C59119C7E25B00BF9BC5 /* RightMenuViewController.m in Sources */ = {isa = PBXBuildFile; fileRef = 9286C57519C7E25B00BF9BC5 /* RightMenuViewController.m */; };
		9286C59219C7E25B00BF9BC5 /* RootViewController.m in Sources */ = {isa = PBXBuildFile; fileRef = 9286C57719C7E25B00BF9BC5 /* RootViewController.m */; };
		9286C59319C7E25B00BF9BC5 /* SearchResultViewController.m in Sources */ = {isa = PBXBuildFile; fileRef = 9286C57919C7E25B00BF9BC5 /* SearchResultViewController.m */; };
		9286C59419C7E25B00BF9BC5 /* SearchViewController.m in Sources */ = {isa = PBXBuildFile; fileRef = 9286C57B19C7E25B00BF9BC5 /* SearchViewController.m */; };
		9286C59619C7E25B00BF9BC5 /* ToolViewController.m in Sources */ = {isa = PBXBuildFile; fileRef = 9286C57F19C7E25B00BF9BC5 /* ToolViewController.m */; };
		9286C59719C7E25B00BF9BC5 /* UpdateViewController.m in Sources */ = {isa = PBXBuildFile; fileRef = 9286C58119C7E25B00BF9BC5 /* UpdateViewController.m */; };
		9286C59A19C7E28D00BF9BC5 /* FileUtils.m in Sources */ = {isa = PBXBuildFile; fileRef = 9286C59919C7E28D00BF9BC5 /* FileUtils.m */; };
		92B3778E19D39952005AD793 /* libz.dylib in Frameworks */ = {isa = PBXBuildFile; fileRef = 92B3778D19D39952005AD793 /* libz.dylib */; };
		92B377A619D3A894005AD793 /* ioapi.c in Sources */ = {isa = PBXBuildFile; fileRef = 92B3779C19D3A894005AD793 /* ioapi.c */; };
		92B377A719D3A894005AD793 /* mztools.c in Sources */ = {isa = PBXBuildFile; fileRef = 92B3779E19D3A894005AD793 /* mztools.c */; };
		92B377A819D3A894005AD793 /* unzip.c in Sources */ = {isa = PBXBuildFile; fileRef = 92B377A019D3A894005AD793 /* unzip.c */; };
		92B377A919D3A894005AD793 /* zip.c in Sources */ = {isa = PBXBuildFile; fileRef = 92B377A219D3A894005AD793 /* zip.c */; };
		92B377AA19D3A894005AD793 /* ZipArchive.mm in Sources */ = {isa = PBXBuildFile; fileRef = 92B377A519D3A894005AD793 /* ZipArchive.mm */; settings = {COMPILER_FLAGS = "-fno-objc-arc"; }; };
		92B377AD19D3AB7B005AD793 /* ZipUtils.m in Sources */ = {isa = PBXBuildFile; fileRef = 92B377AC19D3AB7B005AD793 /* ZipUtils.m */; };
		92B5F55D19D13E6C0041413D /* SettingViewController.m in Sources */ = {isa = PBXBuildFile; fileRef = 92B5F55C19D13E6C0041413D /* SettingViewController.m */; };
		92B5F59219D15ABD0041413D /* ConfigUtils.m in Sources */ = {isa = PBXBuildFile; fileRef = 92B5F59119D15ABD0041413D /* ConfigUtils.m */; };
		92FCE33B19CC08B300D761EF /* CoinView.m in Sources */ = {isa = PBXBuildFile; fileRef = 92FCE33A19CC08B300D761EF /* CoinView.m */; };
		92FCE33E19CC08C400D761EF /* DiceView.m in Sources */ = {isa = PBXBuildFile; fileRef = 92FCE33D19CC08C400D761EF /* DiceView.m */; };
/* End PBXBuildFile section */

/* Begin PBXContainerItemProxy section */
		3076CDE41809B47200527E6C /* PBXContainerItemProxy */ = {
			isa = PBXContainerItemProxy;
			containerPortal = 3076CDB61809B47200527E6C /* Project object */;
			proxyType = 1;
			remoteGlobalIDString = 3076CDBD1809B47200527E6C;
			remoteInfo = YuGiOhCard;
		};
/* End PBXContainerItemProxy section */

/* Begin PBXFileReference section */
		3076CDBE1809B47200527E6C /* YuGiOhCard.app */ = {isa = PBXFileReference; explicitFileType = wrapper.application; includeInIndex = 0; path = YuGiOhCard.app; sourceTree = BUILT_PRODUCTS_DIR; };
		3076CDC11809B47200527E6C /* Foundation.framework */ = {isa = PBXFileReference; lastKnownFileType = wrapper.framework; name = Foundation.framework; path = System/Library/Frameworks/Foundation.framework; sourceTree = SDKROOT; };
		3076CDC31809B47200527E6C /* CoreGraphics.framework */ = {isa = PBXFileReference; lastKnownFileType = wrapper.framework; name = CoreGraphics.framework; path = System/Library/Frameworks/CoreGraphics.framework; sourceTree = SDKROOT; };
		3076CDC51809B47200527E6C /* UIKit.framework */ = {isa = PBXFileReference; lastKnownFileType = wrapper.framework; name = UIKit.framework; path = System/Library/Frameworks/UIKit.framework; sourceTree = SDKROOT; };
		3076CDC91809B47200527E6C /* YuGiOhCard-Info.plist */ = {isa = PBXFileReference; lastKnownFileType = text.plist.xml; path = "YuGiOhCard-Info.plist"; sourceTree = "<group>"; };
		3076CDCB1809B47200527E6C /* en */ = {isa = PBXFileReference; lastKnownFileType = text.plist.strings; name = en; path = en.lproj/InfoPlist.strings; sourceTree = "<group>"; };
		3076CDCD1809B47200527E6C /* main.m */ = {isa = PBXFileReference; lastKnownFileType = sourcecode.c.objc; path = main.m; sourceTree = "<group>"; };
		3076CDCF1809B47200527E6C /* YuGiOhCard-Prefix.pch */ = {isa = PBXFileReference; lastKnownFileType = sourcecode.c.h; path = "YuGiOhCard-Prefix.pch"; sourceTree = "<group>"; };
		3076CDD01809B47200527E6C /* AppDelegate.h */ = {isa = PBXFileReference; lastKnownFileType = sourcecode.c.h; path = AppDelegate.h; sourceTree = "<group>"; };
		3076CDD11809B47200527E6C /* AppDelegate.m */ = {isa = PBXFileReference; lastKnownFileType = sourcecode.c.objc; path = AppDelegate.m; sourceTree = "<group>"; };
		3076CDD41809B47200527E6C /* Base */ = {isa = PBXFileReference; lastKnownFileType = file.storyboard; name = Base; path = Base.lproj/Main.storyboard; sourceTree = "<group>"; };
		3076CDD91809B47200527E6C /* Images.xcassets */ = {isa = PBXFileReference; lastKnownFileType = folder.assetcatalog; path = Images.xcassets; sourceTree = "<group>"; };
		3076CDDF1809B47200527E6C /* YuGiOhCardTests.xctest */ = {isa = PBXFileReference; explicitFileType = wrapper.cfbundle; includeInIndex = 0; path = YuGiOhCardTests.xctest; sourceTree = BUILT_PRODUCTS_DIR; };
		3076CDE01809B47200527E6C /* XCTest.framework */ = {isa = PBXFileReference; lastKnownFileType = wrapper.framework; name = XCTest.framework; path = Library/Frameworks/XCTest.framework; sourceTree = DEVELOPER_DIR; };
		92019F4C19D5108200251F82 /* AboutView.h */ = {isa = PBXFileReference; fileEncoding = 4; lastKnownFileType = sourcecode.c.h; name = AboutView.h; path = View/AboutView.h; sourceTree = "<group>"; };
		92019F4D19D5108200251F82 /* AboutView.m */ = {isa = PBXFileReference; fileEncoding = 4; lastKnownFileType = sourcecode.c.objc; name = AboutView.m; path = View/AboutView.m; sourceTree = "<group>"; };
		92019F4F19D5109200251F82 /* AboutView.xib */ = {isa = PBXFileReference; fileEncoding = 4; lastKnownFileType = file.xib; name = AboutView.xib; path = View/AboutView.xib; sourceTree = "<group>"; };
		920E859319D44904008020C7 /* Base */ = {isa = PBXFileReference; lastKnownFileType = file.storyboard; name = Base; path = Base.lproj/SingleStories.storyboard; sourceTree = "<group>"; };
		920E859619D45788008020C7 /* PushUtils.h */ = {isa = PBXFileReference; fileEncoding = 4; lastKnownFileType = sourcecode.c.h; name = PushUtils.h; path = Controller/ControllerUtils/PushUtils.h; sourceTree = "<group>"; };
		920E859719D45788008020C7 /* PushUtils.m */ = {isa = PBXFileReference; fileEncoding = 4; lastKnownFileType = sourcecode.c.objc; name = PushUtils.m; path = Controller/ControllerUtils/PushUtils.m; sourceTree = "<group>"; };
		920E859A19D45940008020C7 /* Base */ = {isa = PBXFileReference; lastKnownFileType = file.storyboard; name = Base; path = Base.lproj/CardStory.storyboard; sourceTree = "<group>"; };
		920EC06119C12FEF007F9F39 /* fav.db */ = {isa = PBXFileReference; lastKnownFileType = file; name = fav.db; path = Resource/fav.db; sourceTree = "<group>"; };
		920EC06219C12FEF007F9F39 /* yugioh.db */ = {isa = PBXFileReference; lastKnownFileType = file; name = yugioh.db; path = Resource/yugioh.db; sourceTree = "<group>"; };
		921873F519BFD87F00EA94B0 /* RECommonFunctions.h */ = {isa = PBXFileReference; fileEncoding = 4; lastKnownFileType = sourcecode.c.h; name = RECommonFunctions.h; path = RESideMenu/RECommonFunctions.h; sourceTree = "<group>"; };
		921873F619BFD87F00EA94B0 /* RECommonFunctions.m */ = {isa = PBXFileReference; fileEncoding = 4; lastKnownFileType = sourcecode.c.objc; name = RECommonFunctions.m; path = RESideMenu/RECommonFunctions.m; sourceTree = "<group>"; };
		921873F719BFD87F00EA94B0 /* RESideMenu.h */ = {isa = PBXFileReference; fileEncoding = 4; lastKnownFileType = sourcecode.c.h; name = RESideMenu.h; path = RESideMenu/RESideMenu.h; sourceTree = "<group>"; };
		921873F819BFD87F00EA94B0 /* RESideMenu.m */ = {isa = PBXFileReference; fileEncoding = 4; lastKnownFileType = sourcecode.c.objc; name = RESideMenu.m; path = RESideMenu/RESideMenu.m; sourceTree = "<group>"; };
		921873F919BFD87F00EA94B0 /* UIViewController+RESideMenu.h */ = {isa = PBXFileReference; fileEncoding = 4; lastKnownFileType = sourcecode.c.h; name = "UIViewController+RESideMenu.h"; path = "RESideMenu/UIViewController+RESideMenu.h"; sourceTree = "<group>"; };
		921873FA19BFD87F00EA94B0 /* UIViewController+RESideMenu.m */ = {isa = PBXFileReference; fileEncoding = 4; lastKnownFileType = sourcecode.c.objc; name = "UIViewController+RESideMenu.m"; path = "RESideMenu/UIViewController+RESideMenu.m"; sourceTree = "<group>"; };
		921873FE19BFD8D500EA94B0 /* QuartzCore.framework */ = {isa = PBXFileReference; lastKnownFileType = wrapper.framework; name = QuartzCore.framework; path = System/Library/Frameworks/QuartzCore.framework; sourceTree = SDKROOT; };
		9218740019BFD8DB00EA94B0 /* libsqlite3.dylib */ = {isa = PBXFileReference; lastKnownFileType = "compiled.mach-o.dylib"; name = libsqlite3.dylib; path = usr/lib/libsqlite3.dylib; sourceTree = SDKROOT; };
		9240086219C9193400D58BC6 /* PackItem.h */ = {isa = PBXFileReference; fileEncoding = 4; lastKnownFileType = sourcecode.c.h; name = PackItem.h; path = Module/PackItem.h; sourceTree = "<group>"; };
		9240086319C9193400D58BC6 /* PackItem.m */ = {isa = PBXFileReference; fileEncoding = 4; lastKnownFileType = sourcecode.c.objc; name = PackItem.m; path = Module/PackItem.m; sourceTree = "<group>"; };
		9240086519C921E100D58BC6 /* PackDetailViewController.h */ = {isa = PBXFileReference; fileEncoding = 4; lastKnownFileType = sourcecode.c.h; name = PackDetailViewController.h; path = Controller/PackDetailViewController.h; sourceTree = "<group>"; };
		9240086619C921E100D58BC6 /* PackDetailViewController.m */ = {isa = PBXFileReference; fileEncoding = 4; lastKnownFileType = sourcecode.c.objc; name = PackDetailViewController.m; path = Controller/PackDetailViewController.m; sourceTree = "<group>"; };
		9247784519D29688001DC337 /* ApplicationUtils.h */ = {isa = PBXFileReference; fileEncoding = 4; lastKnownFileType = sourcecode.c.h; name = ApplicationUtils.h; path = Utils/ApplicationUtils.h; sourceTree = "<group>"; };
		9247784619D29688001DC337 /* ApplicationUtils.m */ = {isa = PBXFileReference; fileEncoding = 4; lastKnownFileType = sourcecode.c.objc; name = ApplicationUtils.m; path = Utils/ApplicationUtils.m; sourceTree = "<group>"; };
		9286C54619C7E20800BF9BC5 /* DatabaseUtils.h */ = {isa = PBXFileReference; fileEncoding = 4; lastKnownFileType = sourcecode.c.h; name = DatabaseUtils.h; path = Utils/DatabaseUtils.h; sourceTree = "<group>"; };
		9286C54719C7E20800BF9BC5 /* DatabaseUtils.m */ = {isa = PBXFileReference; fileEncoding = 4; lastKnownFileType = sourcecode.c.objc; name = DatabaseUtils.m; path = Utils/DatabaseUtils.m; sourceTree = "<group>"; };
		9286C54819C7E20800BF9BC5 /* HttpUtils.h */ = {isa = PBXFileReference; fileEncoding = 4; lastKnownFileType = sourcecode.c.h; name = HttpUtils.h; path = Utils/HttpUtils.h; sourceTree = "<group>"; };
		9286C54919C7E20800BF9BC5 /* HttpUtils.m */ = {isa = PBXFileReference; fileEncoding = 4; lastKnownFileType = sourcecode.c.objc; name = HttpUtils.m; path = Utils/HttpUtils.m; sourceTree = "<group>"; };
		9286C54D19C7E23300BF9BC5 /* CardConsts.h */ = {isa = PBXFileReference; fileEncoding = 4; lastKnownFileType = sourcecode.c.h; name = CardConsts.h; path = Module/CardConsts.h; sourceTree = "<group>"; };
		9286C54E19C7E23300BF9BC5 /* CardConsts.m */ = {isa = PBXFileReference; fileEncoding = 4; lastKnownFileType = sourcecode.c.objc; name = CardConsts.m; path = Module/CardConsts.m; sourceTree = "<group>"; };
		9286C54F19C7E23300BF9BC5 /* CardItem.h */ = {isa = PBXFileReference; fileEncoding = 4; lastKnownFileType = sourcecode.c.h; name = CardItem.h; path = Module/CardItem.h; sourceTree = "<group>"; };
		9286C55019C7E23300BF9BC5 /* CardItem.m */ = {isa = PBXFileReference; fileEncoding = 4; lastKnownFileType = sourcecode.c.objc; name = CardItem.m; path = Module/CardItem.m; sourceTree = "<group>"; };
		9286C55319C7E24500BF9BC5 /* CardAttributePicker.h */ = {isa = PBXFileReference; fileEncoding = 4; lastKnownFileType = sourcecode.c.h; name = CardAttributePicker.h; path = View/CardAttributePicker.h; sourceTree = "<group>"; };
		9286C55419C7E24500BF9BC5 /* CardAttributePicker.m */ = {isa = PBXFileReference; fileEncoding = 4; lastKnownFileType = sourcecode.c.objc; name = CardAttributePicker.m; path = View/CardAttributePicker.m; sourceTree = "<group>"; };
		9286C55819C7E25B00BF9BC5 /* CardAdjustViewController.h */ = {isa = PBXFileReference; fileEncoding = 4; lastKnownFileType = sourcecode.c.h; name = CardAdjustViewController.h; path = Controller/CardAdjustViewController.h; sourceTree = "<group>"; };
		9286C55919C7E25B00BF9BC5 /* CardAdjustViewController.m */ = {isa = PBXFileReference; fileEncoding = 4; lastKnownFileType = sourcecode.c.objc; name = CardAdjustViewController.m; path = Controller/CardAdjustViewController.m; sourceTree = "<group>"; };
		9286C55A19C7E25B00BF9BC5 /* CardInfoViewController.h */ = {isa = PBXFileReference; fileEncoding = 4; lastKnownFileType = sourcecode.c.h; name = CardInfoViewController.h; path = Controller/CardInfoViewController.h; sourceTree = "<group>"; };
		9286C55B19C7E25B00BF9BC5 /* CardInfoViewController.m */ = {isa = PBXFileReference; fileEncoding = 4; lastKnownFileType = sourcecode.c.objc; name = CardInfoViewController.m; path = Controller/CardInfoViewController.m; sourceTree = "<group>"; };
		9286C55C19C7E25B00BF9BC5 /* CardPicViewController.h */ = {isa = PBXFileReference; fileEncoding = 4; lastKnownFileType = sourcecode.c.h; name = CardPicViewController.h; path = Controller/CardPicViewController.h; sourceTree = "<group>"; };
		9286C55D19C7E25B00BF9BC5 /* CardPicViewController.m */ = {isa = PBXFileReference; fileEncoding = 4; lastKnownFileType = sourcecode.c.objc; name = CardPicViewController.m; path = Controller/CardPicViewController.m; sourceTree = "<group>"; };
		9286C55E19C7E25B00BF9BC5 /* CardViewController.h */ = {isa = PBXFileReference; fileEncoding = 4; lastKnownFileType = sourcecode.c.h; name = CardViewController.h; path = Controller/CardViewController.h; sourceTree = "<group>"; };
		9286C55F19C7E25B00BF9BC5 /* CardViewController.m */ = {isa = PBXFileReference; fileEncoding = 4; lastKnownFileType = sourcecode.c.objc; name = CardViewController.m; path = Controller/CardViewController.m; sourceTree = "<group>"; };
		9286C56019C7E25B00BF9BC5 /* FavViewController.h */ = {isa = PBXFileReference; fileEncoding = 4; lastKnownFileType = sourcecode.c.h; name = FavViewController.h; path = Controller/FavViewController.h; sourceTree = "<group>"; };
		9286C56119C7E25B00BF9BC5 /* FavViewController.m */ = {isa = PBXFileReference; fileEncoding = 4; lastKnownFileType = sourcecode.c.objc; name = FavViewController.m; path = Controller/FavViewController.m; sourceTree = "<group>"; };
		9286C56219C7E25B00BF9BC5 /* FeedbackViewController.h */ = {isa = PBXFileReference; fileEncoding = 4; lastKnownFileType = sourcecode.c.h; name = FeedbackViewController.h; path = Controller/FeedbackViewController.h; sourceTree = "<group>"; };
		9286C56319C7E25B00BF9BC5 /* FeedbackViewController.m */ = {isa = PBXFileReference; fileEncoding = 4; lastKnownFileType = sourcecode.c.objc; name = FeedbackViewController.m; path = Controller/FeedbackViewController.m; sourceTree = "<group>"; };
		9286C56419C7E25B00BF9BC5 /* LatestViewController.h */ = {isa = PBXFileReference; fileEncoding = 4; lastKnownFileType = sourcecode.c.h; name = LatestViewController.h; path = Controller/LatestViewController.h; sourceTree = "<group>"; };
		9286C56519C7E25B00BF9BC5 /* LatestViewController.m */ = {isa = PBXFileReference; fileEncoding = 4; lastKnownFileType = sourcecode.c.objc; name = LatestViewController.m; path = Controller/LatestViewController.m; sourceTree = "<group>"; };
		9286C56619C7E25B00BF9BC5 /* LeftMenuViewController.h */ = {isa = PBXFileReference; fileEncoding = 4; lastKnownFileType = sourcecode.c.h; name = LeftMenuViewController.h; path = Controller/LeftMenuViewController.h; sourceTree = "<group>"; };
		9286C56719C7E25B00BF9BC5 /* LeftMenuViewController.m */ = {isa = PBXFileReference; fileEncoding = 4; lastKnownFileType = sourcecode.c.objc; name = LeftMenuViewController.m; path = Controller/LeftMenuViewController.m; sourceTree = "<group>"; };
		9286C56819C7E25B00BF9BC5 /* Limit1ViewController.h */ = {isa = PBXFileReference; fileEncoding = 4; lastKnownFileType = sourcecode.c.h; name = Limit1ViewController.h; path = Controller/Limit1ViewController.h; sourceTree = "<group>"; };
		9286C56919C7E25B00BF9BC5 /* Limit1ViewController.m */ = {isa = PBXFileReference; fileEncoding = 4; lastKnownFileType = sourcecode.c.objc; name = Limit1ViewController.m; path = Controller/Limit1ViewController.m; sourceTree = "<group>"; };
		9286C56A19C7E25B00BF9BC5 /* Limit2ViewController.h */ = {isa = PBXFileReference; fileEncoding = 4; lastKnownFileType = sourcecode.c.h; name = Limit2ViewController.h; path = Controller/Limit2ViewController.h; sourceTree = "<group>"; };
		9286C56B19C7E25B00BF9BC5 /* Limit2ViewController.m */ = {isa = PBXFileReference; fileEncoding = 4; lastKnownFileType = sourcecode.c.objc; name = Limit2ViewController.m; path = Controller/Limit2ViewController.m; sourceTree = "<group>"; };
		9286C56C19C7E25B00BF9BC5 /* LimitBanViewController.h */ = {isa = PBXFileReference; fileEncoding = 4; lastKnownFileType = sourcecode.c.h; name = LimitBanViewController.h; path = Controller/LimitBanViewController.h; sourceTree = "<group>"; };
		9286C56D19C7E25B00BF9BC5 /* LimitBanViewController.m */ = {isa = PBXFileReference; fileEncoding = 4; lastKnownFileType = sourcecode.c.objc; name = LimitBanViewController.m; path = Controller/LimitBanViewController.m; sourceTree = "<group>"; };
		9286C57219C7E25B00BF9BC5 /* PackViewController.h */ = {isa = PBXFileReference; fileEncoding = 4; lastKnownFileType = sourcecode.c.h; name = PackViewController.h; path = Controller/PackViewController.h; sourceTree = "<group>"; };
		9286C57319C7E25B00BF9BC5 /* PackViewController.m */ = {isa = PBXFileReference; fileEncoding = 4; lastKnownFileType = sourcecode.c.objc; name = PackViewController.m; path = Controller/PackViewController.m; sourceTree = "<group>"; };
		9286C57419C7E25B00BF9BC5 /* RightMenuViewController.h */ = {isa = PBXFileReference; fileEncoding = 4; lastKnownFileType = sourcecode.c.h; name = RightMenuViewController.h; path = Controller/RightMenuViewController.h; sourceTree = "<group>"; };
		9286C57519C7E25B00BF9BC5 /* RightMenuViewController.m */ = {isa = PBXFileReference; fileEncoding = 4; lastKnownFileType = sourcecode.c.objc; name = RightMenuViewController.m; path = Controller/RightMenuViewController.m; sourceTree = "<group>"; };
		9286C57619C7E25B00BF9BC5 /* RootViewController.h */ = {isa = PBXFileReference; fileEncoding = 4; lastKnownFileType = sourcecode.c.h; name = RootViewController.h; path = Controller/RootViewController.h; sourceTree = "<group>"; };
		9286C57719C7E25B00BF9BC5 /* RootViewController.m */ = {isa = PBXFileReference; fileEncoding = 4; lastKnownFileType = sourcecode.c.objc; name = RootViewController.m; path = Controller/RootViewController.m; sourceTree = "<group>"; };
		9286C57819C7E25B00BF9BC5 /* SearchResultViewController.h */ = {isa = PBXFileReference; fileEncoding = 4; lastKnownFileType = sourcecode.c.h; name = SearchResultViewController.h; path = Controller/SearchResultViewController.h; sourceTree = "<group>"; };
		9286C57919C7E25B00BF9BC5 /* SearchResultViewController.m */ = {isa = PBXFileReference; fileEncoding = 4; lastKnownFileType = sourcecode.c.objc; name = SearchResultViewController.m; path = Controller/SearchResultViewController.m; sourceTree = "<group>"; };
		9286C57A19C7E25B00BF9BC5 /* SearchViewController.h */ = {isa = PBXFileReference; fileEncoding = 4; lastKnownFileType = sourcecode.c.h; name = SearchViewController.h; path = Controller/SearchViewController.h; sourceTree = "<group>"; };
		9286C57B19C7E25B00BF9BC5 /* SearchViewController.m */ = {isa = PBXFileReference; fileEncoding = 4; lastKnownFileType = sourcecode.c.objc; name = SearchViewController.m; path = Controller/SearchViewController.m; sourceTree = "<group>"; };
		9286C57E19C7E25B00BF9BC5 /* ToolViewController.h */ = {isa = PBXFileReference; fileEncoding = 4; lastKnownFileType = sourcecode.c.h; name = ToolViewController.h; path = Controller/ToolViewController.h; sourceTree = "<group>"; };
		9286C57F19C7E25B00BF9BC5 /* ToolViewController.m */ = {isa = PBXFileReference; fileEncoding = 4; lastKnownFileType = sourcecode.c.objc; name = ToolViewController.m; path = Controller/ToolViewController.m; sourceTree = "<group>"; };
		9286C58019C7E25B00BF9BC5 /* UpdateViewController.h */ = {isa = PBXFileReference; fileEncoding = 4; lastKnownFileType = sourcecode.c.h; name = UpdateViewController.h; path = Controller/UpdateViewController.h; sourceTree = "<group>"; };
		9286C58119C7E25B00BF9BC5 /* UpdateViewController.m */ = {isa = PBXFileReference; fileEncoding = 4; lastKnownFileType = sourcecode.c.objc; name = UpdateViewController.m; path = Controller/UpdateViewController.m; sourceTree = "<group>"; };
		9286C59819C7E28D00BF9BC5 /* FileUtils.h */ = {isa = PBXFileReference; fileEncoding = 4; lastKnownFileType = sourcecode.c.h; name = FileUtils.h; path = Utils/FileUtils.h; sourceTree = "<group>"; };
		9286C59919C7E28D00BF9BC5 /* FileUtils.m */ = {isa = PBXFileReference; fileEncoding = 4; lastKnownFileType = sourcecode.c.objc; name = FileUtils.m; path = Utils/FileUtils.m; sourceTree = "<group>"; };
		9286C59B19C7F0C100BF9BC5 /* UrlConsts.h */ = {isa = PBXFileReference; fileEncoding = 4; lastKnownFileType = sourcecode.c.h; name = UrlConsts.h; path = Module/UrlConsts.h; sourceTree = "<group>"; };
		92896A5F19C98E47009B6F72 /* StringConsts.h */ = {isa = PBXFileReference; fileEncoding = 4; lastKnownFileType = sourcecode.c.h; name = StringConsts.h; path = Module/StringConsts.h; sourceTree = "<group>"; };
		92B3778D19D39952005AD793 /* libz.dylib */ = {isa = PBXFileReference; lastKnownFileType = "compiled.mach-o.dylib"; name = libz.dylib; path = usr/lib/libz.dylib; sourceTree = SDKROOT; };
		92B3779B19D3A894005AD793 /* crypt.h */ = {isa = PBXFileReference; fileEncoding = 4; lastKnownFileType = sourcecode.c.h; path = crypt.h; sourceTree = "<group>"; };
		92B3779C19D3A894005AD793 /* ioapi.c */ = {isa = PBXFileReference; fileEncoding = 4; lastKnownFileType = sourcecode.c.c; path = ioapi.c; sourceTree = "<group>"; };
		92B3779D19D3A894005AD793 /* ioapi.h */ = {isa = PBXFileReference; fileEncoding = 4; lastKnownFileType = sourcecode.c.h; path = ioapi.h; sourceTree = "<group>"; };
		92B3779E19D3A894005AD793 /* mztools.c */ = {isa = PBXFileReference; fileEncoding = 4; lastKnownFileType = sourcecode.c.c; path = mztools.c; sourceTree = "<group>"; };
		92B3779F19D3A894005AD793 /* mztools.h */ = {isa = PBXFileReference; fileEncoding = 4; lastKnownFileType = sourcecode.c.h; path = mztools.h; sourceTree = "<group>"; };
		92B377A019D3A894005AD793 /* unzip.c */ = {isa = PBXFileReference; fileEncoding = 4; lastKnownFileType = sourcecode.c.c; path = unzip.c; sourceTree = "<group>"; };
		92B377A119D3A894005AD793 /* unzip.h */ = {isa = PBXFileReference; fileEncoding = 4; lastKnownFileType = sourcecode.c.h; path = unzip.h; sourceTree = "<group>"; };
		92B377A219D3A894005AD793 /* zip.c */ = {isa = PBXFileReference; fileEncoding = 4; lastKnownFileType = sourcecode.c.c; path = zip.c; sourceTree = "<group>"; };
		92B377A319D3A894005AD793 /* zip.h */ = {isa = PBXFileReference; fileEncoding = 4; lastKnownFileType = sourcecode.c.h; path = zip.h; sourceTree = "<group>"; };
		92B377A419D3A894005AD793 /* ZipArchive.h */ = {isa = PBXFileReference; fileEncoding = 4; lastKnownFileType = sourcecode.c.h; path = ZipArchive.h; sourceTree = "<group>"; };
		92B377A519D3A894005AD793 /* ZipArchive.mm */ = {isa = PBXFileReference; fileEncoding = 4; lastKnownFileType = sourcecode.cpp.objcpp; path = ZipArchive.mm; sourceTree = "<group>"; };
		92B377AB19D3AB7B005AD793 /* ZipUtils.h */ = {isa = PBXFileReference; fileEncoding = 4; lastKnownFileType = sourcecode.c.h; name = ZipUtils.h; path = Utils/ZipUtils.h; sourceTree = "<group>"; };
		92B377AC19D3AB7B005AD793 /* ZipUtils.m */ = {isa = PBXFileReference; fileEncoding = 4; lastKnownFileType = sourcecode.c.objc; name = ZipUtils.m; path = Utils/ZipUtils.m; sourceTree = "<group>"; };
		92B5F55B19D13E6C0041413D /* SettingViewController.h */ = {isa = PBXFileReference; fileEncoding = 4; lastKnownFileType = sourcecode.c.h; name = SettingViewController.h; path = Controller/SettingViewController.h; sourceTree = "<group>"; };
		92B5F55C19D13E6C0041413D /* SettingViewController.m */ = {isa = PBXFileReference; fileEncoding = 4; lastKnownFileType = sourcecode.c.objc; name = SettingViewController.m; path = Controller/SettingViewController.m; sourceTree = "<group>"; };
		92B5F59019D15ABD0041413D /* ConfigUtils.h */ = {isa = PBXFileReference; fileEncoding = 4; lastKnownFileType = sourcecode.c.h; name = ConfigUtils.h; path = Utils/ConfigUtils.h; sourceTree = "<group>"; };
		92B5F59119D15ABD0041413D /* ConfigUtils.m */ = {isa = PBXFileReference; fileEncoding = 4; lastKnownFileType = sourcecode.c.objc; name = ConfigUtils.m; path = Utils/ConfigUtils.m; sourceTree = "<group>"; };
		92FCE33919CC08B300D761EF /* CoinView.h */ = {isa = PBXFileReference; fileEncoding = 4; lastKnownFileType = sourcecode.c.h; name = CoinView.h; path = View/CoinView.h; sourceTree = "<group>"; };
		92FCE33A19CC08B300D761EF /* CoinView.m */ = {isa = PBXFileReference; fileEncoding = 4; lastKnownFileType = sourcecode.c.objc; name = CoinView.m; path = View/CoinView.m; sourceTree = "<group>"; };
		92FCE33C19CC08C400D761EF /* DiceView.h */ = {isa = PBXFileReference; fileEncoding = 4; lastKnownFileType = sourcecode.c.h; name = DiceView.h; path = View/DiceView.h; sourceTree = "<group>"; };
		92FCE33D19CC08C400D761EF /* DiceView.m */ = {isa = PBXFileReference; fileEncoding = 4; lastKnownFileType = sourcecode.c.objc; name = DiceView.m; path = View/DiceView.m; sourceTree = "<group>"; };
/* End PBXFileReference section */

/* Begin PBXFrameworksBuildPhase section */
		3076CDBB1809B47200527E6C /* Frameworks */ = {
			isa = PBXFrameworksBuildPhase;
			buildActionMask = 2147483647;
			files = (
				92B3778E19D39952005AD793 /* libz.dylib in Frameworks */,
				9218740119BFD8DB00EA94B0 /* libsqlite3.dylib in Frameworks */,
				921873FF19BFD8D500EA94B0 /* QuartzCore.framework in Frameworks */,
				3076CDC41809B47200527E6C /* CoreGraphics.framework in Frameworks */,
				3076CDC61809B47200527E6C /* UIKit.framework in Frameworks */,
				3076CDC21809B47200527E6C /* Foundation.framework in Frameworks */,
			);
			runOnlyForDeploymentPostprocessing = 0;
		};
		3076CDDC1809B47200527E6C /* Frameworks */ = {
			isa = PBXFrameworksBuildPhase;
			buildActionMask = 2147483647;
			files = (
				3076CDE11809B47200527E6C /* XCTest.framework in Frameworks */,
				3076CDE31809B47200527E6C /* UIKit.framework in Frameworks */,
				3076CDE21809B47200527E6C /* Foundation.framework in Frameworks */,
			);
			runOnlyForDeploymentPostprocessing = 0;
		};
/* End PBXFrameworksBuildPhase section */

/* Begin PBXGroup section */
		3076CDB51809B47200527E6C = {
			isa = PBXGroup;
			children = (
				9286C54519C7E1D500BF9BC5 /* Utils */,
				920EC06019C12FC9007F9F39 /* Resource */,
				921873F419BFD85A00EA94B0 /* RESideMenu */,
				3076CDC71809B47200527E6C /* YuGiOhCard */,
				3076CDC01809B47200527E6C /* Frameworks */,
				3076CDBF1809B47200527E6C /* Products */,
				92B3779919D3A894005AD793 /* ZipArchive */,
			);
			sourceTree = "<group>";
		};
		3076CDBF1809B47200527E6C /* Products */ = {
			isa = PBXGroup;
			children = (
				3076CDBE1809B47200527E6C /* YuGiOhCard.app */,
				3076CDDF1809B47200527E6C /* YuGiOhCardTests.xctest */,
			);
			name = Products;
			sourceTree = "<group>";
		};
		3076CDC01809B47200527E6C /* Frameworks */ = {
			isa = PBXGroup;
			children = (
				92B3778D19D39952005AD793 /* libz.dylib */,
				9218740019BFD8DB00EA94B0 /* libsqlite3.dylib */,
				921873FE19BFD8D500EA94B0 /* QuartzCore.framework */,
				3076CDC11809B47200527E6C /* Foundation.framework */,
				3076CDC31809B47200527E6C /* CoreGraphics.framework */,
				3076CDC51809B47200527E6C /* UIKit.framework */,
				3076CDE01809B47200527E6C /* XCTest.framework */,
			);
			name = Frameworks;
			sourceTree = "<group>";
		};
		3076CDC71809B47200527E6C /* YuGiOhCard */ = {
			isa = PBXGroup;
			children = (
				9286C54C19C7E21E00BF9BC5 /* Module */,
				9232B5A819C66B8400FB9D45 /* Views */,
				3076CDF61809B50100527E6C /* Controllers */,
				3076CDD01809B47200527E6C /* AppDelegate.h */,
				3076CDD11809B47200527E6C /* AppDelegate.m */,
				3076CDD31809B47200527E6C /* Main.storyboard */,
				920E859919D45940008020C7 /* CardStory.storyboard */,
				920E859219D44904008020C7 /* SingleStories.storyboard */,
				3076CDC81809B47200527E6C /* Supporting Files */,
			);
			path = YuGiOhCard;
			sourceTree = "<group>";
		};
		3076CDC81809B47200527E6C /* Supporting Files */ = {
			isa = PBXGroup;
			children = (
				3076CDD91809B47200527E6C /* Images.xcassets */,
				3076CDC91809B47200527E6C /* YuGiOhCard-Info.plist */,
				3076CDCA1809B47200527E6C /* InfoPlist.strings */,
				3076CDCD1809B47200527E6C /* main.m */,
				3076CDCF1809B47200527E6C /* YuGiOhCard-Prefix.pch */,
			);
			name = "Supporting Files";
			sourceTree = "<group>";
		};
		3076CDF61809B50100527E6C /* Controllers */ = {
			isa = PBXGroup;
			children = (
				920E859519D4565E008020C7 /* ControllerUtils */,
				9286C55819C7E25B00BF9BC5 /* CardAdjustViewController.h */,
				9286C55919C7E25B00BF9BC5 /* CardAdjustViewController.m */,
				9286C55A19C7E25B00BF9BC5 /* CardInfoViewController.h */,
				9286C55B19C7E25B00BF9BC5 /* CardInfoViewController.m */,
				9286C55C19C7E25B00BF9BC5 /* CardPicViewController.h */,
				9286C55D19C7E25B00BF9BC5 /* CardPicViewController.m */,
				9286C55E19C7E25B00BF9BC5 /* CardViewController.h */,
				9286C55F19C7E25B00BF9BC5 /* CardViewController.m */,
				9286C56019C7E25B00BF9BC5 /* FavViewController.h */,
				9286C56119C7E25B00BF9BC5 /* FavViewController.m */,
				9286C56219C7E25B00BF9BC5 /* FeedbackViewController.h */,
				9286C56319C7E25B00BF9BC5 /* FeedbackViewController.m */,
				9286C56419C7E25B00BF9BC5 /* LatestViewController.h */,
				9286C56519C7E25B00BF9BC5 /* LatestViewController.m */,
				9286C56619C7E25B00BF9BC5 /* LeftMenuViewController.h */,
				9286C56719C7E25B00BF9BC5 /* LeftMenuViewController.m */,
				9286C56819C7E25B00BF9BC5 /* Limit1ViewController.h */,
				9286C56919C7E25B00BF9BC5 /* Limit1ViewController.m */,
				9286C56A19C7E25B00BF9BC5 /* Limit2ViewController.h */,
				9286C56B19C7E25B00BF9BC5 /* Limit2ViewController.m */,
				9286C56C19C7E25B00BF9BC5 /* LimitBanViewController.h */,
				9286C56D19C7E25B00BF9BC5 /* LimitBanViewController.m */,
				9286C57219C7E25B00BF9BC5 /* PackViewController.h */,
				9286C57319C7E25B00BF9BC5 /* PackViewController.m */,
				9286C57419C7E25B00BF9BC5 /* RightMenuViewController.h */,
				9286C57519C7E25B00BF9BC5 /* RightMenuViewController.m */,
				9286C57619C7E25B00BF9BC5 /* RootViewController.h */,
				9286C57719C7E25B00BF9BC5 /* RootViewController.m */,
				9286C57819C7E25B00BF9BC5 /* SearchResultViewController.h */,
				9286C57919C7E25B00BF9BC5 /* SearchResultViewController.m */,
				9286C57A19C7E25B00BF9BC5 /* SearchViewController.h */,
				9286C57B19C7E25B00BF9BC5 /* SearchViewController.m */,
				9286C57E19C7E25B00BF9BC5 /* ToolViewController.h */,
				9286C57F19C7E25B00BF9BC5 /* ToolViewController.m */,
				9286C58019C7E25B00BF9BC5 /* UpdateViewController.h */,
				9286C58119C7E25B00BF9BC5 /* UpdateViewController.m */,
				9240086519C921E100D58BC6 /* PackDetailViewController.h */,
				9240086619C921E100D58BC6 /* PackDetailViewController.m */,
				92B5F55B19D13E6C0041413D /* SettingViewController.h */,
				92B5F55C19D13E6C0041413D /* SettingViewController.m */,
			);
			name = Controllers;
			sourceTree = "<group>";
		};
		920E859519D4565E008020C7 /* ControllerUtils */ = {
			isa = PBXGroup;
			children = (
				920E859619D45788008020C7 /* PushUtils.h */,
				920E859719D45788008020C7 /* PushUtils.m */,
			);
			name = ControllerUtils;
			sourceTree = "<group>";
		};
		920EC06019C12FC9007F9F39 /* Resource */ = {
			isa = PBXGroup;
			children = (
				920EC06119C12FEF007F9F39 /* fav.db */,
				920EC06219C12FEF007F9F39 /* yugioh.db */,
			);
			name = Resource;
			sourceTree = "<group>";
		};
		921873F419BFD85A00EA94B0 /* RESideMenu */ = {
			isa = PBXGroup;
			children = (
				921873F519BFD87F00EA94B0 /* RECommonFunctions.h */,
				921873F619BFD87F00EA94B0 /* RECommonFunctions.m */,
				921873F719BFD87F00EA94B0 /* RESideMenu.h */,
				921873F819BFD87F00EA94B0 /* RESideMenu.m */,
				921873F919BFD87F00EA94B0 /* UIViewController+RESideMenu.h */,
				921873FA19BFD87F00EA94B0 /* UIViewController+RESideMenu.m */,
			);
			name = RESideMenu;
			sourceTree = "<group>";
		};
		9232B5A819C66B8400FB9D45 /* Views */ = {
			isa = PBXGroup;
			children = (
				9286C55319C7E24500BF9BC5 /* CardAttributePicker.h */,
				9286C55419C7E24500BF9BC5 /* CardAttributePicker.m */,
				92FCE33919CC08B300D761EF /* CoinView.h */,
				92FCE33A19CC08B300D761EF /* CoinView.m */,
				92FCE33C19CC08C400D761EF /* DiceView.h */,
				92FCE33D19CC08C400D761EF /* DiceView.m */,
				92019F4C19D5108200251F82 /* AboutView.h */,
				92019F4D19D5108200251F82 /* AboutView.m */,
				92019F4F19D5109200251F82 /* AboutView.xib */,
			);
			name = Views;
			sourceTree = "<group>";
		};
		9286C54519C7E1D500BF9BC5 /* Utils */ = {
			isa = PBXGroup;
			children = (
				9286C54619C7E20800BF9BC5 /* DatabaseUtils.h */,
				9286C54719C7E20800BF9BC5 /* DatabaseUtils.m */,
				9286C54819C7E20800BF9BC5 /* HttpUtils.h */,
				9286C54919C7E20800BF9BC5 /* HttpUtils.m */,
				9286C59819C7E28D00BF9BC5 /* FileUtils.h */,
				9286C59919C7E28D00BF9BC5 /* FileUtils.m */,
				92B5F59019D15ABD0041413D /* ConfigUtils.h */,
				92B5F59119D15ABD0041413D /* ConfigUtils.m */,
				9247784519D29688001DC337 /* ApplicationUtils.h */,
				9247784619D29688001DC337 /* ApplicationUtils.m */,
				92B377AB19D3AB7B005AD793 /* ZipUtils.h */,
				92B377AC19D3AB7B005AD793 /* ZipUtils.m */,
			);
			name = Utils;
			sourceTree = "<group>";
		};
		9286C54C19C7E21E00BF9BC5 /* Module */ = {
			isa = PBXGroup;
			children = (
				9286C54D19C7E23300BF9BC5 /* CardConsts.h */,
				9286C54E19C7E23300BF9BC5 /* CardConsts.m */,
				9286C54F19C7E23300BF9BC5 /* CardItem.h */,
				9286C55019C7E23300BF9BC5 /* CardItem.m */,
				9286C59B19C7F0C100BF9BC5 /* UrlConsts.h */,
				9240086219C9193400D58BC6 /* PackItem.h */,
				9240086319C9193400D58BC6 /* PackItem.m */,
				92896A5F19C98E47009B6F72 /* StringConsts.h */,
			);
			name = Module;
			sourceTree = "<group>";
		};
		92B3779919D3A894005AD793 /* ZipArchive */ = {
			isa = PBXGroup;
			children = (
				92B3779A19D3A894005AD793 /* minizip */,
				92B377A419D3A894005AD793 /* ZipArchive.h */,
				92B377A519D3A894005AD793 /* ZipArchive.mm */,
			);
			path = ZipArchive;
			sourceTree = "<group>";
		};
		92B3779A19D3A894005AD793 /* minizip */ = {
			isa = PBXGroup;
			children = (
				92B3779B19D3A894005AD793 /* crypt.h */,
				92B3779C19D3A894005AD793 /* ioapi.c */,
				92B3779D19D3A894005AD793 /* ioapi.h */,
				92B3779E19D3A894005AD793 /* mztools.c */,
				92B3779F19D3A894005AD793 /* mztools.h */,
				92B377A019D3A894005AD793 /* unzip.c */,
				92B377A119D3A894005AD793 /* unzip.h */,
				92B377A219D3A894005AD793 /* zip.c */,
				92B377A319D3A894005AD793 /* zip.h */,
			);
			path = minizip;
			sourceTree = "<group>";
		};
/* End PBXGroup section */

/* Begin PBXNativeTarget section */
		3076CDBD1809B47200527E6C /* YuGiOhCard */ = {
			isa = PBXNativeTarget;
			buildConfigurationList = 3076CDF01809B47200527E6C /* Build configuration list for PBXNativeTarget "YuGiOhCard" */;
			buildPhases = (
				3076CDBA1809B47200527E6C /* Sources */,
				3076CDBB1809B47200527E6C /* Frameworks */,
				3076CDBC1809B47200527E6C /* Resources */,
			);
			buildRules = (
			);
			dependencies = (
			);
			name = YuGiOhCard;
			productName = YuGiOhCard;
			productReference = 3076CDBE1809B47200527E6C /* YuGiOhCard.app */;
			productType = "com.apple.product-type.application";
		};
		3076CDDE1809B47200527E6C /* YuGiOhCardTests */ = {
			isa = PBXNativeTarget;
			buildConfigurationList = 3076CDF31809B47200527E6C /* Build configuration list for PBXNativeTarget "YuGiOhCardTests" */;
			buildPhases = (
				3076CDDB1809B47200527E6C /* Sources */,
				3076CDDC1809B47200527E6C /* Frameworks */,
				3076CDDD1809B47200527E6C /* Resources */,
			);
			buildRules = (
			);
			dependencies = (
				3076CDE51809B47200527E6C /* PBXTargetDependency */,
			);
			name = YuGiOhCardTests;
			productName = YuGiOhCardTests;
			productReference = 3076CDDF1809B47200527E6C /* YuGiOhCardTests.xctest */;
			productType = "com.apple.product-type.bundle.unit-test";
		};
/* End PBXNativeTarget section */

/* Begin PBXProject section */
		3076CDB61809B47200527E6C /* Project object */ = {
			isa = PBXProject;
			attributes = {
				CLASSPREFIX = "";
				LastUpgradeCheck = 0510;
				ORGANIZATIONNAME = rarnu;
				TargetAttributes = {
					3076CDBD1809B47200527E6C = {
						DevelopmentTeam = TF7AXM8WDK;
					};
					3076CDDE1809B47200527E6C = {
						TestTargetID = 3076CDBD1809B47200527E6C;
					};
				};
			};
			buildConfigurationList = 3076CDB91809B47200527E6C /* Build configuration list for PBXProject "YuGiOhCard" */;
			compatibilityVersion = "Xcode 3.2";
			developmentRegion = English;
			hasScannedForEncodings = 0;
			knownRegions = (
				en,
				Base,
			);
			mainGroup = 3076CDB51809B47200527E6C;
			productRefGroup = 3076CDBF1809B47200527E6C /* Products */;
			projectDirPath = "";
			projectRoot = "";
			targets = (
				3076CDBD1809B47200527E6C /* YuGiOhCard */,
				3076CDDE1809B47200527E6C /* YuGiOhCardTests */,
			);
		};
/* End PBXProject section */

/* Begin PBXResourcesBuildPhase section */
		3076CDBC1809B47200527E6C /* Resources */ = {
			isa = PBXResourcesBuildPhase;
			buildActionMask = 2147483647;
			files = (
				3076CDDA1809B47200527E6C /* Images.xcassets in Resources */,
				3076CDCC1809B47200527E6C /* InfoPlist.strings in Resources */,
				920E859419D44904008020C7 /* SingleStories.storyboard in Resources */,
				3076CDD51809B47200527E6C /* Main.storyboard in Resources */,
				92019F5019D5109200251F82 /* AboutView.xib in Resources */,
				920EC06419C12FEF007F9F39 /* yugioh.db in Resources */,
				920E859B19D45940008020C7 /* CardStory.storyboard in Resources */,
				920EC06319C12FEF007F9F39 /* fav.db in Resources */,
			);
			runOnlyForDeploymentPostprocessing = 0;
		};
		3076CDDD1809B47200527E6C /* Resources */ = {
			isa = PBXResourcesBuildPhase;
			buildActionMask = 2147483647;
			files = (
			);
			runOnlyForDeploymentPostprocessing = 0;
		};
/* End PBXResourcesBuildPhase section */

/* Begin PBXSourcesBuildPhase section */
		3076CDBA1809B47200527E6C /* Sources */ = {
			isa = PBXSourcesBuildPhase;
			buildActionMask = 2147483647;
			files = (
				9286C58419C7E25B00BF9BC5 /* CardInfoViewController.m in Sources */,
				9286C55119C7E23300BF9BC5 /* CardConsts.m in Sources */,
				9286C59119C7E25B00BF9BC5 /* RightMenuViewController.m in Sources */,
				9286C58319C7E25B00BF9BC5 /* CardAdjustViewController.m in Sources */,
				9286C59419C7E25B00BF9BC5 /* SearchViewController.m in Sources */,
				9286C59219C7E25B00BF9BC5 /* RootViewController.m in Sources */,
				92B377A819D3A894005AD793 /* unzip.c in Sources */,
				9286C54A19C7E20900BF9BC5 /* DatabaseUtils.m in Sources */,
				9286C59019C7E25B00BF9BC5 /* PackViewController.m in Sources */,
				9286C58C19C7E25B00BF9BC5 /* Limit2ViewController.m in Sources */,
				9247784719D29688001DC337 /* ApplicationUtils.m in Sources */,
				3076CDCE1809B47200527E6C /* main.m in Sources */,
				9286C59319C7E25B00BF9BC5 /* SearchResultViewController.m in Sources */,
				92B377A919D3A894005AD793 /* zip.c in Sources */,
				9286C59619C7E25B00BF9BC5 /* ToolViewController.m in Sources */,
				92FCE33E19CC08C400D761EF /* DiceView.m in Sources */,
				92B377AA19D3A894005AD793 /* ZipArchive.mm in Sources */,
				9286C58919C7E25B00BF9BC5 /* LatestViewController.m in Sources */,
				9240086419C9193400D58BC6 /* PackItem.m in Sources */,
				920E859819D45788008020C7 /* PushUtils.m in Sources */,
				92019F4E19D5108200251F82 /* AboutView.m in Sources */,
				9286C59A19C7E28D00BF9BC5 /* FileUtils.m in Sources */,
				9286C58619C7E25B00BF9BC5 /* CardViewController.m in Sources */,
				3076CDD21809B47200527E6C /* AppDelegate.m in Sources */,
				9286C58B19C7E25B00BF9BC5 /* Limit1ViewController.m in Sources */,
				92B377A619D3A894005AD793 /* ioapi.c in Sources */,
				9286C55219C7E23300BF9BC5 /* CardItem.m in Sources */,
				9286C59719C7E25B00BF9BC5 /* UpdateViewController.m in Sources */,
				9286C58519C7E25B00BF9BC5 /* CardPicViewController.m in Sources */,
				9240086719C921E100D58BC6 /* PackDetailViewController.m in Sources */,
				921873FD19BFD87F00EA94B0 /* UIViewController+RESideMenu.m in Sources */,
				92B377AD19D3AB7B005AD793 /* ZipUtils.m in Sources */,
				92B5F55D19D13E6C0041413D /* SettingViewController.m in Sources */,
				9286C58719C7E25B00BF9BC5 /* FavViewController.m in Sources */,
				921873FC19BFD87F00EA94B0 /* RESideMenu.m in Sources */,
				92FCE33B19CC08B300D761EF /* CoinView.m in Sources */,
				9286C54B19C7E20900BF9BC5 /* HttpUtils.m in Sources */,
				9286C58D19C7E25B00BF9BC5 /* LimitBanViewController.m in Sources */,
				921873FB19BFD87F00EA94B0 /* RECommonFunctions.m in Sources */,
				9286C55519C7E24500BF9BC5 /* CardAttributePicker.m in Sources */,
				9286C58819C7E25B00BF9BC5 /* FeedbackViewController.m in Sources */,
				9286C58A19C7E25B00BF9BC5 /* LeftMenuViewController.m in Sources */,
				92B5F59219D15ABD0041413D /* ConfigUtils.m in Sources */,
				92B377A719D3A894005AD793 /* mztools.c in Sources */,
			);
			runOnlyForDeploymentPostprocessing = 0;
		};
		3076CDDB1809B47200527E6C /* Sources */ = {
			isa = PBXSourcesBuildPhase;
			buildActionMask = 2147483647;
			files = (
			);
			runOnlyForDeploymentPostprocessing = 0;
		};
/* End PBXSourcesBuildPhase section */

/* Begin PBXTargetDependency section */
		3076CDE51809B47200527E6C /* PBXTargetDependency */ = {
			isa = PBXTargetDependency;
			target = 3076CDBD1809B47200527E6C /* YuGiOhCard */;
			targetProxy = 3076CDE41809B47200527E6C /* PBXContainerItemProxy */;
		};
/* End PBXTargetDependency section */

/* Begin PBXVariantGroup section */
		3076CDCA1809B47200527E6C /* InfoPlist.strings */ = {
			isa = PBXVariantGroup;
			children = (
				3076CDCB1809B47200527E6C /* en */,
			);
			name = InfoPlist.strings;
			sourceTree = "<group>";
		};
		3076CDD31809B47200527E6C /* Main.storyboard */ = {
			isa = PBXVariantGroup;
			children = (
				3076CDD41809B47200527E6C /* Base */,
			);
			name = Main.storyboard;
			sourceTree = "<group>";
		};
		920E859219D44904008020C7 /* SingleStories.storyboard */ = {
			isa = PBXVariantGroup;
			children = (
				920E859319D44904008020C7 /* Base */,
			);
			name = SingleStories.storyboard;
			sourceTree = "<group>";
		};
		920E859919D45940008020C7 /* CardStory.storyboard */ = {
			isa = PBXVariantGroup;
			children = (
				920E859A19D45940008020C7 /* Base */,
			);
			name = CardStory.storyboard;
			sourceTree = "<group>";
		};
/* End PBXVariantGroup section */

/* Begin XCBuildConfiguration section */
		3076CDEE1809B47200527E6C /* Debug */ = {
			isa = XCBuildConfiguration;
			buildSettings = {
				ALWAYS_SEARCH_USER_PATHS = NO;
				CLANG_CXX_LANGUAGE_STANDARD = "gnu++0x";
				CLANG_CXX_LIBRARY = "libc++";
				CLANG_ENABLE_MODULES = YES;
				CLANG_ENABLE_OBJC_ARC = YES;
				CLANG_WARN_BOOL_CONVERSION = YES;
				CLANG_WARN_CONSTANT_CONVERSION = YES;
				CLANG_WARN_DIRECT_OBJC_ISA_USAGE = YES_ERROR;
				CLANG_WARN_EMPTY_BODY = YES;
				CLANG_WARN_ENUM_CONVERSION = YES;
				CLANG_WARN_INT_CONVERSION = YES;
				CLANG_WARN_OBJC_ROOT_CLASS = YES_ERROR;
				CLANG_WARN__DUPLICATE_METHOD_MATCH = YES;
				"CODE_SIGN_IDENTITY[sdk=iphoneos*]" = "iPhone Developer: xiaojie He (632743BBZ3)";
				COPY_PHASE_STRIP = NO;
				GCC_C_LANGUAGE_STANDARD = gnu99;
				GCC_DYNAMIC_NO_PIC = NO;
				GCC_OPTIMIZATION_LEVEL = 0;
				GCC_PREPROCESSOR_DEFINITIONS = (
					"DEBUG=1",
					"$(inherited)",
				);
				GCC_SYMBOLS_PRIVATE_EXTERN = NO;
				GCC_WARN_64_TO_32_BIT_CONVERSION = YES;
				GCC_WARN_ABOUT_RETURN_TYPE = YES_ERROR;
				GCC_WARN_UNDECLARED_SELECTOR = YES;
				GCC_WARN_UNINITIALIZED_AUTOS = YES;
				GCC_WARN_UNUSED_FUNCTION = YES;
				GCC_WARN_UNUSED_VARIABLE = YES;
				IPHONEOS_DEPLOYMENT_TARGET = 7.0;
				ONLY_ACTIVE_ARCH = YES;
				SDKROOT = iphoneos;
			};
			name = Debug;
		};
		3076CDEF1809B47200527E6C /* Release */ = {
			isa = XCBuildConfiguration;
			buildSettings = {
				ALWAYS_SEARCH_USER_PATHS = NO;
				CLANG_CXX_LANGUAGE_STANDARD = "gnu++0x";
				CLANG_CXX_LIBRARY = "libc++";
				CLANG_ENABLE_MODULES = YES;
				CLANG_ENABLE_OBJC_ARC = YES;
				CLANG_WARN_BOOL_CONVERSION = YES;
				CLANG_WARN_CONSTANT_CONVERSION = YES;
				CLANG_WARN_DIRECT_OBJC_ISA_USAGE = YES_ERROR;
				CLANG_WARN_EMPTY_BODY = YES;
				CLANG_WARN_ENUM_CONVERSION = YES;
				CLANG_WARN_INT_CONVERSION = YES;
				CLANG_WARN_OBJC_ROOT_CLASS = YES_ERROR;
				CLANG_WARN__DUPLICATE_METHOD_MATCH = YES;
				"CODE_SIGN_IDENTITY[sdk=iphoneos*]" = "iPhone Developer: xiaojie He (632743BBZ3)";
				COPY_PHASE_STRIP = YES;
				ENABLE_NS_ASSERTIONS = NO;
				GCC_C_LANGUAGE_STANDARD = gnu99;
				GCC_WARN_64_TO_32_BIT_CONVERSION = YES;
				GCC_WARN_ABOUT_RETURN_TYPE = YES_ERROR;
				GCC_WARN_UNDECLARED_SELECTOR = YES;
				GCC_WARN_UNINITIALIZED_AUTOS = YES;
				GCC_WARN_UNUSED_FUNCTION = YES;
				GCC_WARN_UNUSED_VARIABLE = YES;
				IPHONEOS_DEPLOYMENT_TARGET = 7.0;
				SDKROOT = iphoneos;
				VALIDATE_PRODUCT = YES;
			};
			name = Release;
		};
		3076CDF11809B47200527E6C /* Debug */ = {
			isa = XCBuildConfiguration;
			buildSettings = {
				ASSETCATALOG_COMPILER_APPICON_NAME = AppIcon;
				ASSETCATALOG_COMPILER_LAUNCHIMAGE_NAME = LaunchImage;
				CODE_SIGN_IDENTITY = "iPhone Developer";
				"CODE_SIGN_IDENTITY[sdk=iphoneos*]" = "iPhone Developer";
				GCC_PRECOMPILE_PREFIX_HEADER = YES;
				GCC_PREFIX_HEADER = "YuGiOhCard/YuGiOhCard-Prefix.pch";
				INFOPLIST_FILE = "YuGiOhCard/YuGiOhCard-Info.plist";
				IPHONEOS_DEPLOYMENT_TARGET = 7.0;
				PRODUCT_NAME = YuGiOhCard;
				PROVISIONING_PROFILE = "";
				TARGETED_DEVICE_FAMILY = 1;
				WRAPPER_EXTENSION = app;
			};
			name = Debug;
		};
		3076CDF21809B47200527E6C /* Release */ = {
			isa = XCBuildConfiguration;
			buildSettings = {
				ASSETCATALOG_COMPILER_APPICON_NAME = AppIcon;
				ASSETCATALOG_COMPILER_LAUNCHIMAGE_NAME = LaunchImage;
				CODE_SIGN_IDENTITY = "iPhone Developer";
				"CODE_SIGN_IDENTITY[sdk=iphoneos*]" = "iPhone Developer";
				GCC_PRECOMPILE_PREFIX_HEADER = YES;
				GCC_PREFIX_HEADER = "YuGiOhCard/YuGiOhCard-Prefix.pch";
				INFOPLIST_FILE = "YuGiOhCard/YuGiOhCard-Info.plist";
				IPHONEOS_DEPLOYMENT_TARGET = 7.0;
				PRODUCT_NAME = YuGiOhCard;
				PROVISIONING_PROFILE = "";
				TARGETED_DEVICE_FAMILY = 1;
				WRAPPER_EXTENSION = app;
			};
			name = Release;
		};
		3076CDF41809B47200527E6C /* Debug */ = {
			isa = XCBuildConfiguration;
			buildSettings = {
				BUNDLE_LOADER = "$(BUILT_PRODUCTS_DIR)/YuGiOhCard.app/YuGiOhCard";
				FRAMEWORK_SEARCH_PATHS = (
					"$(SDKROOT)/Developer/Library/Frameworks",
					"$(inherited)",
					"$(DEVELOPER_FRAMEWORKS_DIR)",
				);
				GCC_PRECOMPILE_PREFIX_HEADER = YES;
				GCC_PREFIX_HEADER = "YuGiOhCard/YuGiOhCard-Prefix.pch";
				GCC_PREPROCESSOR_DEFINITIONS = (
					"DEBUG=1",
					"$(inherited)",
				);
				INFOPLIST_FILE = "YuGiOhCardTests/YuGiOhCardTests-Info.plist";
				PRODUCT_NAME = YuGiOhCardTests;
				TEST_HOST = "$(BUNDLE_LOADER)";
				WRAPPER_EXTENSION = xctest;
			};
			name = Debug;
		};
		3076CDF51809B47200527E6C /* Release */ = {
			isa = XCBuildConfiguration;
			buildSettings = {
				BUNDLE_LOADER = "$(BUILT_PRODUCTS_DIR)/YuGiOhCard.app/YuGiOhCard";
				FRAMEWORK_SEARCH_PATHS = (
					"$(SDKROOT)/Developer/Library/Frameworks",
					"$(inherited)",
					"$(DEVELOPER_FRAMEWORKS_DIR)",
				);
				GCC_PRECOMPILE_PREFIX_HEADER = YES;
				GCC_PREFIX_HEADER = "YuGiOhCard/YuGiOhCard-Prefix.pch";
				INFOPLIST_FILE = "YuGiOhCardTests/YuGiOhCardTests-Info.plist";
				PRODUCT_NAME = YuGiOhCardTests;
				TEST_HOST = "$(BUNDLE_LOADER)";
				WRAPPER_EXTENSION = xctest;
			};
			name = Release;
		};
/* End XCBuildConfiguration section */

/* Begin XCConfigurationList section */
		3076CDB91809B47200527E6C /* Build configuration list for PBXProject "YuGiOhCard" */ = {
			isa = XCConfigurationList;
			buildConfigurations = (
				3076CDEE1809B47200527E6C /* Debug */,
				3076CDEF1809B47200527E6C /* Release */,
			);
			defaultConfigurationIsVisible = 0;
			defaultConfigurationName = Release;
		};
		3076CDF01809B47200527E6C /* Build configuration list for PBXNativeTarget "YuGiOhCard" */ = {
			isa = XCConfigurationList;
			buildConfigurations = (
				3076CDF11809B47200527E6C /* Debug */,
				3076CDF21809B47200527E6C /* Release */,
			);
			defaultConfigurationIsVisible = 0;
			defaultConfigurationName = Release;
		};
		3076CDF31809B47200527E6C /* Build configuration list for PBXNativeTarget "YuGiOhCardTests" */ = {
			isa = XCConfigurationList;
			buildConfigurations = (
				3076CDF41809B47200527E6C /* Debug */,
				3076CDF51809B47200527E6C /* Release */,
			);
			defaultConfigurationIsVisible = 0;
			defaultConfigurationName = Release;
		};
/* End XCConfigurationList section */
	};
	rootObject = 3076CDB61809B47200527E6C /* Project object */;
}
