// !$*UTF8*$!
{
	archiveVersion = 1;
	classes = {
	};
	objectVersion = 46;
	objects = {

/* Begin PBXBuildFile section */
		920AE72119D659A3004618ED /* libz.dylib in Frameworks */ = {isa = PBXBuildFile; fileRef = 920AE72019D659A3004618ED /* libz.dylib */; };
		920AE72319D659AB004618ED /* libsqlite3.dylib in Frameworks */ = {isa = PBXBuildFile; fileRef = 920AE72219D659AB004618ED /* libsqlite3.dylib */; };
		9221D81619D9813D00E1DE1B /* ApplicationUtils.swift in Sources */ = {isa = PBXBuildFile; fileRef = 9221D81519D9813D00E1DE1B /* ApplicationUtils.swift */; };
		9221D81819D9829C00E1DE1B /* ConfigUtils.swift in Sources */ = {isa = PBXBuildFile; fileRef = 9221D81719D9829C00E1DE1B /* ConfigUtils.swift */; };
		9221D81D19D983FB00E1DE1B /* CardItem.swift in Sources */ = {isa = PBXBuildFile; fileRef = 9221D81C19D983FB00E1DE1B /* CardItem.swift */; };
		9221D81F19D9858200E1DE1B /* DatabaseUtils.swift in Sources */ = {isa = PBXBuildFile; fileRef = 9221D81E19D9858200E1DE1B /* DatabaseUtils.swift */; };
		9221D82219DA30B900E1DE1B /* FileUtils.swift in Sources */ = {isa = PBXBuildFile; fileRef = 9221D82119DA30B900E1DE1B /* FileUtils.swift */; };
		9221D82419DA412300E1DE1B /* HttpUtils.swift in Sources */ = {isa = PBXBuildFile; fileRef = 9221D82319DA412300E1DE1B /* HttpUtils.swift */; };
		9221D82F19DA60AE00E1DE1B /* CardAttributePicker.swift in Sources */ = {isa = PBXBuildFile; fileRef = 9221D82E19DA60AE00E1DE1B /* CardAttributePicker.swift */; };
		9221D83119DA721D00E1DE1B /* CoinView.swift in Sources */ = {isa = PBXBuildFile; fileRef = 9221D83019DA721D00E1DE1B /* CoinView.swift */; };
		9221D83319DA742200E1DE1B /* DiceView.swift in Sources */ = {isa = PBXBuildFile; fileRef = 9221D83219DA742200E1DE1B /* DiceView.swift */; };
		9221D83B19DA75F800E1DE1B /* AboutView.xib in Resources */ = {isa = PBXBuildFile; fileRef = 9221D83919DA75F800E1DE1B /* AboutView.xib */; };
		9221D83D19DA760800E1DE1B /* AboutView.swift in Sources */ = {isa = PBXBuildFile; fileRef = 9221D83C19DA760800E1DE1B /* AboutView.swift */; };
		922ABCFF19DBC5B00058FBAC /* ioapi.c in Sources */ = {isa = PBXBuildFile; fileRef = 922ABCF519DBC5B00058FBAC /* ioapi.c */; };
		922ABD0019DBC5B00058FBAC /* mztools.c in Sources */ = {isa = PBXBuildFile; fileRef = 922ABCF719DBC5B00058FBAC /* mztools.c */; };
		922ABD0119DBC5B00058FBAC /* unzip.c in Sources */ = {isa = PBXBuildFile; fileRef = 922ABCF919DBC5B00058FBAC /* unzip.c */; };
		922ABD0219DBC5B00058FBAC /* zip.c in Sources */ = {isa = PBXBuildFile; fileRef = 922ABCFB19DBC5B00058FBAC /* zip.c */; };
		922ABD0319DBC5B00058FBAC /* ZipArchive.mm in Sources */ = {isa = PBXBuildFile; fileRef = 922ABCFE19DBC5B00058FBAC /* ZipArchive.mm */; settings = {COMPILER_FLAGS = "-fno-objc-arc"; }; };
		922ABD0819DBC7AE0058FBAC /* ZipUtils.swift in Sources */ = {isa = PBXBuildFile; fileRef = 922ABD0719DBC7AE0058FBAC /* ZipUtils.swift */; };
		922ABD1319DBEB7A0058FBAC /* FeedbackViewController.swift in Sources */ = {isa = PBXBuildFile; fileRef = 922ABD1219DBEB7A0058FBAC /* FeedbackViewController.swift */; };
		922ABD1519DBEDE30058FBAC /* SettingViewController.swift in Sources */ = {isa = PBXBuildFile; fileRef = 922ABD1419DBEDE30058FBAC /* SettingViewController.swift */; };
		922ABD1719DBF3360058FBAC /* UpdateViewController.swift in Sources */ = {isa = PBXBuildFile; fileRef = 922ABD1619DBF3360058FBAC /* UpdateViewController.swift */; };
		922DFF8919D6594100364CF5 /* AppDelegate.swift in Sources */ = {isa = PBXBuildFile; fileRef = 922DFF8819D6594100364CF5 /* AppDelegate.swift */; };
		922DFF9019D6594100364CF5 /* Images.xcassets in Resources */ = {isa = PBXBuildFile; fileRef = 922DFF8F19D6594100364CF5 /* Images.xcassets */; };
		925E9DB619D814430004C479 /* RootViewController.swift in Sources */ = {isa = PBXBuildFile; fileRef = 925E9DB519D814430004C479 /* RootViewController.swift */; };
		92655E4619D85F2F005F2265 /* StringConsts.swift in Sources */ = {isa = PBXBuildFile; fileRef = 92655E4519D85F2F005F2265 /* StringConsts.swift */; };
		92655E4919D86177005F2265 /* SingleStories.storyboard in Resources */ = {isa = PBXBuildFile; fileRef = 92655E4719D86177005F2265 /* SingleStories.storyboard */; };
		92655E4B19D861D9005F2265 /* RightMenuViewController.swift in Sources */ = {isa = PBXBuildFile; fileRef = 92655E4A19D861D9005F2265 /* RightMenuViewController.swift */; };
		92655E5019D8653D005F2265 /* SearchViewController.swift in Sources */ = {isa = PBXBuildFile; fileRef = 92655E4F19D8653D005F2265 /* SearchViewController.swift */; };
		9287144C19D65B5A00A0FD1F /* CardStory.storyboard in Resources */ = {isa = PBXBuildFile; fileRef = 9287144819D65B5A00A0FD1F /* CardStory.storyboard */; };
		9287144E19D65BF100A0FD1F /* Main.storyboard in Resources */ = {isa = PBXBuildFile; fileRef = 922DFF8C19D6594100364CF5 /* Main.storyboard */; };
		928B1D1819DA820A004EE0EE /* CardConsts.swift in Sources */ = {isa = PBXBuildFile; fileRef = 928B1D1719DA820A004EE0EE /* CardConsts.swift */; };
		928B1D1C19DA976B004EE0EE /* fav.db in Resources */ = {isa = PBXBuildFile; fileRef = 928B1D1A19DA976B004EE0EE /* fav.db */; };
		928B1D1D19DA976B004EE0EE /* yugioh.db in Resources */ = {isa = PBXBuildFile; fileRef = 928B1D1B19DA976B004EE0EE /* yugioh.db */; };
		928B1D2219DA9839004EE0EE /* SearchResultViewController.swift in Sources */ = {isa = PBXBuildFile; fileRef = 928B1D2119DA9839004EE0EE /* SearchResultViewController.swift */; };
		928B1D2819DA9BD6004EE0EE /* PushUtils.swift in Sources */ = {isa = PBXBuildFile; fileRef = 928B1D2719DA9BD6004EE0EE /* PushUtils.swift */; };
		928B1D3619DA9C7E004EE0EE /* CardViewController.swift in Sources */ = {isa = PBXBuildFile; fileRef = 928B1D3519DA9C7E004EE0EE /* CardViewController.swift */; };
		928B1D3819DA9DE1004EE0EE /* CardInfoViewController.swift in Sources */ = {isa = PBXBuildFile; fileRef = 928B1D3719DA9DE1004EE0EE /* CardInfoViewController.swift */; };
		928B1D3A19DADBBB004EE0EE /* CardAdjustViewController.swift in Sources */ = {isa = PBXBuildFile; fileRef = 928B1D3919DADBBB004EE0EE /* CardAdjustViewController.swift */; };
		928B1D3C19DADC8F004EE0EE /* CardPicViewController.swift in Sources */ = {isa = PBXBuildFile; fileRef = 928B1D3B19DADC8F004EE0EE /* CardPicViewController.swift */; };
		928B1D3F19DADE5E004EE0EE /* UrlConsts.swift in Sources */ = {isa = PBXBuildFile; fileRef = 928B1D3E19DADE5E004EE0EE /* UrlConsts.swift */; };
		928B1D4A19DAF7D8004EE0EE /* LimitBanViewController.swift in Sources */ = {isa = PBXBuildFile; fileRef = 928B1D4919DAF7D8004EE0EE /* LimitBanViewController.swift */; };
		928B1D4C19DAF93F004EE0EE /* Limit1ViewController.swift in Sources */ = {isa = PBXBuildFile; fileRef = 928B1D4B19DAF93F004EE0EE /* Limit1ViewController.swift */; };
		928B1D4E19DAFA67004EE0EE /* Limit2ViewController.swift in Sources */ = {isa = PBXBuildFile; fileRef = 928B1D4D19DAFA67004EE0EE /* Limit2ViewController.swift */; };
		928B1D5C19DAFDD9004EE0EE /* LatestViewController.swift in Sources */ = {isa = PBXBuildFile; fileRef = 928B1D5B19DAFDD9004EE0EE /* LatestViewController.swift */; };
		928B1D5E19DAFE5E004EE0EE /* PackViewController.swift in Sources */ = {isa = PBXBuildFile; fileRef = 928B1D5D19DAFE5E004EE0EE /* PackViewController.swift */; };
		928B1D6319DB0094004EE0EE /* PackItem.swift in Sources */ = {isa = PBXBuildFile; fileRef = 928B1D6219DB0094004EE0EE /* PackItem.swift */; };
		928B1D6519DB08B8004EE0EE /* PackDetailViewController.swift in Sources */ = {isa = PBXBuildFile; fileRef = 928B1D6419DB08B8004EE0EE /* PackDetailViewController.swift */; };
		928B1D6719DB0D68004EE0EE /* ToolViewController.swift in Sources */ = {isa = PBXBuildFile; fileRef = 928B1D6619DB0D68004EE0EE /* ToolViewController.swift */; };
		92DB756719DBAEC60082D06F /* FavViewController.swift in Sources */ = {isa = PBXBuildFile; fileRef = 92DB756619DBAEC60082D06F /* FavViewController.swift */; };
		92EE647519D857AB008866C9 /* LeftMenuViewController.swift in Sources */ = {isa = PBXBuildFile; fileRef = 92EE647419D857AB008866C9 /* LeftMenuViewController.swift */; };
		92EEA74819D7A50700A04F78 /* RESideMenu.swift in Sources */ = {isa = PBXBuildFile; fileRef = 926C92EB19D66E010026C3B2 /* RESideMenu.swift */; };
		92EEA77819D801B700A04F78 /* UIViewController+RESideMenu.swift in Sources */ = {isa = PBXBuildFile; fileRef = 92EEA77719D801B700A04F78 /* UIViewController+RESideMenu.swift */; };
/* End PBXBuildFile section */

/* Begin PBXFileReference section */
		920AE72019D659A3004618ED /* libz.dylib */ = {isa = PBXFileReference; lastKnownFileType = "compiled.mach-o.dylib"; name = libz.dylib; path = usr/lib/libz.dylib; sourceTree = SDKROOT; };
		920AE72219D659AB004618ED /* libsqlite3.dylib */ = {isa = PBXFileReference; lastKnownFileType = "compiled.mach-o.dylib"; name = libsqlite3.dylib; path = usr/lib/libsqlite3.dylib; sourceTree = SDKROOT; };
		9221D81519D9813D00E1DE1B /* ApplicationUtils.swift */ = {isa = PBXFileReference; fileEncoding = 4; lastKnownFileType = sourcecode.swift; path = ApplicationUtils.swift; sourceTree = "<group>"; };
		9221D81719D9829C00E1DE1B /* ConfigUtils.swift */ = {isa = PBXFileReference; fileEncoding = 4; lastKnownFileType = sourcecode.swift; path = ConfigUtils.swift; sourceTree = "<group>"; };
		9221D81C19D983FB00E1DE1B /* CardItem.swift */ = {isa = PBXFileReference; fileEncoding = 4; lastKnownFileType = sourcecode.swift; name = CardItem.swift; path = Module/CardItem.swift; sourceTree = "<group>"; };
		9221D81E19D9858200E1DE1B /* DatabaseUtils.swift */ = {isa = PBXFileReference; fileEncoding = 4; lastKnownFileType = sourcecode.swift; path = DatabaseUtils.swift; sourceTree = "<group>"; };
		9221D82019D9862E00E1DE1B /* SwiftBridge.h */ = {isa = PBXFileReference; lastKnownFileType = sourcecode.c.h; path = SwiftBridge.h; sourceTree = "<group>"; };
		9221D82119DA30B900E1DE1B /* FileUtils.swift */ = {isa = PBXFileReference; fileEncoding = 4; lastKnownFileType = sourcecode.swift; path = FileUtils.swift; sourceTree = "<group>"; };
		9221D82319DA412300E1DE1B /* HttpUtils.swift */ = {isa = PBXFileReference; fileEncoding = 4; lastKnownFileType = sourcecode.swift; path = HttpUtils.swift; sourceTree = "<group>"; };
		9221D82E19DA60AE00E1DE1B /* CardAttributePicker.swift */ = {isa = PBXFileReference; fileEncoding = 4; lastKnownFileType = sourcecode.swift; name = CardAttributePicker.swift; path = View/CardAttributePicker.swift; sourceTree = "<group>"; };
		9221D83019DA721D00E1DE1B /* CoinView.swift */ = {isa = PBXFileReference; fileEncoding = 4; lastKnownFileType = sourcecode.swift; name = CoinView.swift; path = View/CoinView.swift; sourceTree = "<group>"; };
		9221D83219DA742200E1DE1B /* DiceView.swift */ = {isa = PBXFileReference; fileEncoding = 4; lastKnownFileType = sourcecode.swift; name = DiceView.swift; path = View/DiceView.swift; sourceTree = "<group>"; };
		9221D83919DA75F800E1DE1B /* AboutView.xib */ = {isa = PBXFileReference; fileEncoding = 4; lastKnownFileType = file.xib; name = AboutView.xib; path = View/AboutView.xib; sourceTree = "<group>"; };
		9221D83C19DA760800E1DE1B /* AboutView.swift */ = {isa = PBXFileReference; fileEncoding = 4; lastKnownFileType = sourcecode.swift; name = AboutView.swift; path = View/AboutView.swift; sourceTree = "<group>"; };
		922ABCF419DBC5B00058FBAC /* crypt.h */ = {isa = PBXFileReference; fileEncoding = 4; lastKnownFileType = sourcecode.c.h; path = crypt.h; sourceTree = "<group>"; };
		922ABCF519DBC5B00058FBAC /* ioapi.c */ = {isa = PBXFileReference; fileEncoding = 4; lastKnownFileType = sourcecode.c.c; path = ioapi.c; sourceTree = "<group>"; };
		922ABCF619DBC5B00058FBAC /* ioapi.h */ = {isa = PBXFileReference; fileEncoding = 4; lastKnownFileType = sourcecode.c.h; path = ioapi.h; sourceTree = "<group>"; };
		922ABCF719DBC5B00058FBAC /* mztools.c */ = {isa = PBXFileReference; fileEncoding = 4; lastKnownFileType = sourcecode.c.c; path = mztools.c; sourceTree = "<group>"; };
		922ABCF819DBC5B00058FBAC /* mztools.h */ = {isa = PBXFileReference; fileEncoding = 4; lastKnownFileType = sourcecode.c.h; path = mztools.h; sourceTree = "<group>"; };
		922ABCF919DBC5B00058FBAC /* unzip.c */ = {isa = PBXFileReference; fileEncoding = 4; lastKnownFileType = sourcecode.c.c; path = unzip.c; sourceTree = "<group>"; };
		922ABCFA19DBC5B00058FBAC /* unzip.h */ = {isa = PBXFileReference; fileEncoding = 4; lastKnownFileType = sourcecode.c.h; path = unzip.h; sourceTree = "<group>"; };
		922ABCFB19DBC5B00058FBAC /* zip.c */ = {isa = PBXFileReference; fileEncoding = 4; lastKnownFileType = sourcecode.c.c; path = zip.c; sourceTree = "<group>"; };
		922ABCFC19DBC5B00058FBAC /* zip.h */ = {isa = PBXFileReference; fileEncoding = 4; lastKnownFileType = sourcecode.c.h; path = zip.h; sourceTree = "<group>"; };
		922ABCFD19DBC5B00058FBAC /* ZipArchive.h */ = {isa = PBXFileReference; fileEncoding = 4; lastKnownFileType = sourcecode.c.h; path = ZipArchive.h; sourceTree = "<group>"; };
		922ABCFE19DBC5B00058FBAC /* ZipArchive.mm */ = {isa = PBXFileReference; fileEncoding = 4; lastKnownFileType = sourcecode.cpp.objcpp; path = ZipArchive.mm; sourceTree = "<group>"; };
		922ABD0719DBC7AE0058FBAC /* ZipUtils.swift */ = {isa = PBXFileReference; fileEncoding = 4; lastKnownFileType = sourcecode.swift; path = ZipUtils.swift; sourceTree = "<group>"; };
		922ABD1219DBEB7A0058FBAC /* FeedbackViewController.swift */ = {isa = PBXFileReference; fileEncoding = 4; lastKnownFileType = sourcecode.swift; name = FeedbackViewController.swift; path = Controller/FeedbackViewController.swift; sourceTree = "<group>"; };
		922ABD1419DBEDE30058FBAC /* SettingViewController.swift */ = {isa = PBXFileReference; fileEncoding = 4; lastKnownFileType = sourcecode.swift; name = SettingViewController.swift; path = Controller/SettingViewController.swift; sourceTree = "<group>"; };
		922ABD1619DBF3360058FBAC /* UpdateViewController.swift */ = {isa = PBXFileReference; fileEncoding = 4; lastKnownFileType = sourcecode.swift; name = UpdateViewController.swift; path = Controller/UpdateViewController.swift; sourceTree = "<group>"; };
		922DFF8319D6594100364CF5 /* YuGiOhCard.app */ = {isa = PBXFileReference; explicitFileType = wrapper.application; includeInIndex = 0; path = YuGiOhCard.app; sourceTree = BUILT_PRODUCTS_DIR; };
		922DFF8719D6594100364CF5 /* Info.plist */ = {isa = PBXFileReference; lastKnownFileType = text.plist.xml; path = Info.plist; sourceTree = "<group>"; };
		922DFF8819D6594100364CF5 /* AppDelegate.swift */ = {isa = PBXFileReference; lastKnownFileType = sourcecode.swift; path = AppDelegate.swift; sourceTree = "<group>"; };
		922DFF8D19D6594100364CF5 /* Base */ = {isa = PBXFileReference; lastKnownFileType = file.storyboard; name = Base; path = Base.lproj/Main.storyboard; sourceTree = "<group>"; };
		922DFF8F19D6594100364CF5 /* Images.xcassets */ = {isa = PBXFileReference; lastKnownFileType = folder.assetcatalog; path = Images.xcassets; sourceTree = "<group>"; };
		925E9DB519D814430004C479 /* RootViewController.swift */ = {isa = PBXFileReference; fileEncoding = 4; lastKnownFileType = sourcecode.swift; name = RootViewController.swift; path = Controller/RootViewController.swift; sourceTree = "<group>"; };
		92655E4519D85F2F005F2265 /* StringConsts.swift */ = {isa = PBXFileReference; fileEncoding = 4; lastKnownFileType = sourcecode.swift; name = StringConsts.swift; path = Module/StringConsts.swift; sourceTree = "<group>"; };
		92655E4819D86177005F2265 /* Base */ = {isa = PBXFileReference; lastKnownFileType = file.storyboard; name = Base; path = Base.lproj/SingleStories.storyboard; sourceTree = "<group>"; };
		92655E4A19D861D9005F2265 /* RightMenuViewController.swift */ = {isa = PBXFileReference; fileEncoding = 4; lastKnownFileType = sourcecode.swift; name = RightMenuViewController.swift; path = Controller/RightMenuViewController.swift; sourceTree = "<group>"; };
		92655E4F19D8653D005F2265 /* SearchViewController.swift */ = {isa = PBXFileReference; fileEncoding = 4; lastKnownFileType = sourcecode.swift; name = SearchViewController.swift; path = Controller/SearchViewController.swift; sourceTree = "<group>"; };
		926C92EB19D66E010026C3B2 /* RESideMenu.swift */ = {isa = PBXFileReference; fileEncoding = 4; lastKnownFileType = sourcecode.swift; name = RESideMenu.swift; path = RESideMenu/RESideMenu.swift; sourceTree = "<group>"; };
		9287144919D65B5A00A0FD1F /* Base */ = {isa = PBXFileReference; lastKnownFileType = file.storyboard; name = Base; path = Base.lproj/CardStory.storyboard; sourceTree = "<group>"; };
		928B1D1719DA820A004EE0EE /* CardConsts.swift */ = {isa = PBXFileReference; fileEncoding = 4; lastKnownFileType = sourcecode.swift; name = CardConsts.swift; path = Module/CardConsts.swift; sourceTree = "<group>"; };
		928B1D1A19DA976B004EE0EE /* fav.db */ = {isa = PBXFileReference; lastKnownFileType = file; path = fav.db; sourceTree = "<group>"; };
		928B1D1B19DA976B004EE0EE /* yugioh.db */ = {isa = PBXFileReference; lastKnownFileType = file; path = yugioh.db; sourceTree = "<group>"; };
		928B1D2119DA9839004EE0EE /* SearchResultViewController.swift */ = {isa = PBXFileReference; fileEncoding = 4; lastKnownFileType = sourcecode.swift; name = SearchResultViewController.swift; path = Controller/SearchResultViewController.swift; sourceTree = "<group>"; };
		928B1D2719DA9BD6004EE0EE /* PushUtils.swift */ = {isa = PBXFileReference; fileEncoding = 4; lastKnownFileType = sourcecode.swift; path = PushUtils.swift; sourceTree = "<group>"; };
		928B1D3519DA9C7E004EE0EE /* CardViewController.swift */ = {isa = PBXFileReference; fileEncoding = 4; lastKnownFileType = sourcecode.swift; name = CardViewController.swift; path = Controller/CardViewController.swift; sourceTree = "<group>"; };
		928B1D3719DA9DE1004EE0EE /* CardInfoViewController.swift */ = {isa = PBXFileReference; fileEncoding = 4; lastKnownFileType = sourcecode.swift; name = CardInfoViewController.swift; path = Controller/CardInfoViewController.swift; sourceTree = "<group>"; };
		928B1D3919DADBBB004EE0EE /* CardAdjustViewController.swift */ = {isa = PBXFileReference; fileEncoding = 4; lastKnownFileType = sourcecode.swift; name = CardAdjustViewController.swift; path = Controller/CardAdjustViewController.swift; sourceTree = "<group>"; };
		928B1D3B19DADC8F004EE0EE /* CardPicViewController.swift */ = {isa = PBXFileReference; fileEncoding = 4; lastKnownFileType = sourcecode.swift; name = CardPicViewController.swift; path = Controller/CardPicViewController.swift; sourceTree = "<group>"; };
		928B1D3E19DADE5E004EE0EE /* UrlConsts.swift */ = {isa = PBXFileReference; fileEncoding = 4; lastKnownFileType = sourcecode.swift; name = UrlConsts.swift; path = Module/UrlConsts.swift; sourceTree = "<group>"; };
		928B1D4919DAF7D8004EE0EE /* LimitBanViewController.swift */ = {isa = PBXFileReference; fileEncoding = 4; lastKnownFileType = sourcecode.swift; name = LimitBanViewController.swift; path = Controller/LimitBanViewController.swift; sourceTree = "<group>"; };
		928B1D4B19DAF93F004EE0EE /* Limit1ViewController.swift */ = {isa = PBXFileReference; fileEncoding = 4; lastKnownFileType = sourcecode.swift; name = Limit1ViewController.swift; path = Controller/Limit1ViewController.swift; sourceTree = "<group>"; };
		928B1D4D19DAFA67004EE0EE /* Limit2ViewController.swift */ = {isa = PBXFileReference; fileEncoding = 4; lastKnownFileType = sourcecode.swift; name = Limit2ViewController.swift; path = Controller/Limit2ViewController.swift; sourceTree = "<group>"; };
		928B1D5B19DAFDD9004EE0EE /* LatestViewController.swift */ = {isa = PBXFileReference; fileEncoding = 4; lastKnownFileType = sourcecode.swift; name = LatestViewController.swift; path = Controller/LatestViewController.swift; sourceTree = "<group>"; };
		928B1D5D19DAFE5E004EE0EE /* PackViewController.swift */ = {isa = PBXFileReference; fileEncoding = 4; lastKnownFileType = sourcecode.swift; name = PackViewController.swift; path = Controller/PackViewController.swift; sourceTree = "<group>"; };
		928B1D6219DB0094004EE0EE /* PackItem.swift */ = {isa = PBXFileReference; fileEncoding = 4; lastKnownFileType = sourcecode.swift; name = PackItem.swift; path = Module/PackItem.swift; sourceTree = "<group>"; };
		928B1D6419DB08B8004EE0EE /* PackDetailViewController.swift */ = {isa = PBXFileReference; fileEncoding = 4; lastKnownFileType = sourcecode.swift; name = PackDetailViewController.swift; path = Controller/PackDetailViewController.swift; sourceTree = "<group>"; };
		928B1D6619DB0D68004EE0EE /* ToolViewController.swift */ = {isa = PBXFileReference; fileEncoding = 4; lastKnownFileType = sourcecode.swift; name = ToolViewController.swift; path = Controller/ToolViewController.swift; sourceTree = "<group>"; };
		92DB756619DBAEC60082D06F /* FavViewController.swift */ = {isa = PBXFileReference; fileEncoding = 4; lastKnownFileType = sourcecode.swift; name = FavViewController.swift; path = Controller/FavViewController.swift; sourceTree = "<group>"; };
		92EE647419D857AB008866C9 /* LeftMenuViewController.swift */ = {isa = PBXFileReference; fileEncoding = 4; lastKnownFileType = sourcecode.swift; name = LeftMenuViewController.swift; path = Controller/LeftMenuViewController.swift; sourceTree = "<group>"; };
		92EEA77719D801B700A04F78 /* UIViewController+RESideMenu.swift */ = {isa = PBXFileReference; fileEncoding = 4; lastKnownFileType = sourcecode.swift; name = "UIViewController+RESideMenu.swift"; path = "RESideMenu/UIViewController+RESideMenu.swift"; sourceTree = "<group>"; };
/* End PBXFileReference section */

/* Begin PBXFrameworksBuildPhase section */
		922DFF8019D6594100364CF5 /* Frameworks */ = {
			isa = PBXFrameworksBuildPhase;
			buildActionMask = 2147483647;
			files = (
				920AE72319D659AB004618ED /* libsqlite3.dylib in Frameworks */,
				920AE72119D659A3004618ED /* libz.dylib in Frameworks */,
			);
			runOnlyForDeploymentPostprocessing = 0;
		};
/* End PBXFrameworksBuildPhase section */

/* Begin PBXGroup section */
		920AE72419D65A04004618ED /* Module */ = {
			isa = PBXGroup;
			children = (
				928B1D6219DB0094004EE0EE /* PackItem.swift */,
				92655E4519D85F2F005F2265 /* StringConsts.swift */,
				9221D81C19D983FB00E1DE1B /* CardItem.swift */,
				928B1D1719DA820A004EE0EE /* CardConsts.swift */,
				928B1D3E19DADE5E004EE0EE /* UrlConsts.swift */,
			);
			name = Module;
			sourceTree = "<group>";
		};
		920AE72519D65A7D004618ED /* View */ = {
			isa = PBXGroup;
			children = (
				9221D83919DA75F800E1DE1B /* AboutView.xib */,
				9221D82E19DA60AE00E1DE1B /* CardAttributePicker.swift */,
				9221D83019DA721D00E1DE1B /* CoinView.swift */,
				9221D83219DA742200E1DE1B /* DiceView.swift */,
				9221D83C19DA760800E1DE1B /* AboutView.swift */,
			);
			name = View;
			sourceTree = "<group>";
		};
		920AE72619D65A82004618ED /* Controller */ = {
			isa = PBXGroup;
			children = (
				922ABD1419DBEDE30058FBAC /* SettingViewController.swift */,
				922ABD1619DBF3360058FBAC /* UpdateViewController.swift */,
				92DB756619DBAEC60082D06F /* FavViewController.swift */,
				928B1D6419DB08B8004EE0EE /* PackDetailViewController.swift */,
				928B1D5D19DAFE5E004EE0EE /* PackViewController.swift */,
				928B1D6619DB0D68004EE0EE /* ToolViewController.swift */,
				928B1D3919DADBBB004EE0EE /* CardAdjustViewController.swift */,
				928B1D3B19DADC8F004EE0EE /* CardPicViewController.swift */,
				928B1D2319DA9BBD004EE0EE /* ControllerUtils */,
				92655E4A19D861D9005F2265 /* RightMenuViewController.swift */,
				925E9DB519D814430004C479 /* RootViewController.swift */,
				92EE647419D857AB008866C9 /* LeftMenuViewController.swift */,
				92655E4F19D8653D005F2265 /* SearchViewController.swift */,
				928B1D2119DA9839004EE0EE /* SearchResultViewController.swift */,
				928B1D3519DA9C7E004EE0EE /* CardViewController.swift */,
				928B1D3719DA9DE1004EE0EE /* CardInfoViewController.swift */,
				928B1D4919DAF7D8004EE0EE /* LimitBanViewController.swift */,
				928B1D4B19DAF93F004EE0EE /* Limit1ViewController.swift */,
				928B1D4D19DAFA67004EE0EE /* Limit2ViewController.swift */,
				928B1D5B19DAFDD9004EE0EE /* LatestViewController.swift */,
				922ABD1219DBEB7A0058FBAC /* FeedbackViewController.swift */,
			);
			name = Controller;
			sourceTree = "<group>";
		};
		920AE72719D65AFE004618ED /* Story */ = {
			isa = PBXGroup;
			children = (
				92655E4719D86177005F2265 /* SingleStories.storyboard */,
				9287144819D65B5A00A0FD1F /* CardStory.storyboard */,
				922DFF8C19D6594100364CF5 /* Main.storyboard */,
			);
			name = Story;
			sourceTree = "<group>";
		};
		9221D80219D9812200E1DE1B /* Utils */ = {
			isa = PBXGroup;
			children = (
				9221D81519D9813D00E1DE1B /* ApplicationUtils.swift */,
				9221D81719D9829C00E1DE1B /* ConfigUtils.swift */,
				9221D82319DA412300E1DE1B /* HttpUtils.swift */,
				9221D81E19D9858200E1DE1B /* DatabaseUtils.swift */,
				9221D82119DA30B900E1DE1B /* FileUtils.swift */,
				922ABD0719DBC7AE0058FBAC /* ZipUtils.swift */,
			);
			path = Utils;
			sourceTree = "<group>";
		};
		922ABCF219DBC5B00058FBAC /* ZipArchive */ = {
			isa = PBXGroup;
			children = (
				922ABCF319DBC5B00058FBAC /* minizip */,
				922ABCFD19DBC5B00058FBAC /* ZipArchive.h */,
				922ABCFE19DBC5B00058FBAC /* ZipArchive.mm */,
			);
			path = ZipArchive;
			sourceTree = "<group>";
		};
		922ABCF319DBC5B00058FBAC /* minizip */ = {
			isa = PBXGroup;
			children = (
				922ABCF419DBC5B00058FBAC /* crypt.h */,
				922ABCF519DBC5B00058FBAC /* ioapi.c */,
				922ABCF619DBC5B00058FBAC /* ioapi.h */,
				922ABCF719DBC5B00058FBAC /* mztools.c */,
				922ABCF819DBC5B00058FBAC /* mztools.h */,
				922ABCF919DBC5B00058FBAC /* unzip.c */,
				922ABCFA19DBC5B00058FBAC /* unzip.h */,
				922ABCFB19DBC5B00058FBAC /* zip.c */,
				922ABCFC19DBC5B00058FBAC /* zip.h */,
			);
			path = minizip;
			sourceTree = "<group>";
		};
		922DFF7A19D6594100364CF5 = {
			isa = PBXGroup;
			children = (
				922ABCF219DBC5B00058FBAC /* ZipArchive */,
				928B1D1919DA976B004EE0EE /* Resource */,
				9221D82019D9862E00E1DE1B /* SwiftBridge.h */,
				9221D80219D9812200E1DE1B /* Utils */,
				926C92D919D65D880026C3B2 /* RESideMenu */,
				920AE72219D659AB004618ED /* libsqlite3.dylib */,
				920AE72019D659A3004618ED /* libz.dylib */,
				922DFF8519D6594100364CF5 /* YuGiOhCard */,
				922DFF8419D6594100364CF5 /* Products */,
			);
			sourceTree = "<group>";
		};
		922DFF8419D6594100364CF5 /* Products */ = {
			isa = PBXGroup;
			children = (
				922DFF8319D6594100364CF5 /* YuGiOhCard.app */,
			);
			name = Products;
			sourceTree = "<group>";
		};
		922DFF8519D6594100364CF5 /* YuGiOhCard */ = {
			isa = PBXGroup;
			children = (
				920AE72719D65AFE004618ED /* Story */,
				920AE72619D65A82004618ED /* Controller */,
				920AE72519D65A7D004618ED /* View */,
				920AE72419D65A04004618ED /* Module */,
				922DFF8819D6594100364CF5 /* AppDelegate.swift */,
				922DFF8619D6594100364CF5 /* Supporting Files */,
			);
			path = YuGiOhCard;
			sourceTree = "<group>";
		};
		922DFF8619D6594100364CF5 /* Supporting Files */ = {
			isa = PBXGroup;
			children = (
				922DFF8F19D6594100364CF5 /* Images.xcassets */,
				922DFF8719D6594100364CF5 /* Info.plist */,
			);
			name = "Supporting Files";
			sourceTree = "<group>";
		};
		926C92D919D65D880026C3B2 /* RESideMenu */ = {
			isa = PBXGroup;
			children = (
				926C92EB19D66E010026C3B2 /* RESideMenu.swift */,
				92EEA77719D801B700A04F78 /* UIViewController+RESideMenu.swift */,
			);
			name = RESideMenu;
			sourceTree = "<group>";
		};
		928B1D1919DA976B004EE0EE /* Resource */ = {
			isa = PBXGroup;
			children = (
				928B1D1A19DA976B004EE0EE /* fav.db */,
				928B1D1B19DA976B004EE0EE /* yugioh.db */,
			);
			path = Resource;
			sourceTree = "<group>";
		};
		928B1D2319DA9BBD004EE0EE /* ControllerUtils */ = {
			isa = PBXGroup;
			children = (
				928B1D2719DA9BD6004EE0EE /* PushUtils.swift */,
			);
			name = ControllerUtils;
			path = Controller/ControllerUtils;
			sourceTree = "<group>";
		};
/* End PBXGroup section */

/* Begin PBXNativeTarget section */
		922DFF8219D6594100364CF5 /* YuGiOhCard */ = {
			isa = PBXNativeTarget;
			buildConfigurationList = 922DFFA219D6594100364CF5 /* Build configuration list for PBXNativeTarget "YuGiOhCard" */;
			buildPhases = (
				922DFF7F19D6594100364CF5 /* Sources */,
				922DFF8019D6594100364CF5 /* Frameworks */,
				922DFF8119D6594100364CF5 /* Resources */,
			);
			buildRules = (
			);
			dependencies = (
			);
			name = YuGiOhCard;
			productName = YuGiOhCard;
			productReference = 922DFF8319D6594100364CF5 /* YuGiOhCard.app */;
			productType = "com.apple.product-type.application";
		};
/* End PBXNativeTarget section */

/* Begin PBXProject section */
		922DFF7B19D6594100364CF5 /* Project object */ = {
			isa = PBXProject;
			attributes = {
				LastUpgradeCheck = 0600;
				ORGANIZATIONNAME = rarnu;
				TargetAttributes = {
					922DFF8219D6594100364CF5 = {
						CreatedOnToolsVersion = 6.0.1;
					};
				};
			};
			buildConfigurationList = 922DFF7E19D6594100364CF5 /* Build configuration list for PBXProject "YuGiOhCard" */;
			compatibilityVersion = "Xcode 3.2";
			developmentRegion = English;
			hasScannedForEncodings = 0;
			knownRegions = (
				en,
				Base,
			);
			mainGroup = 922DFF7A19D6594100364CF5;
			productRefGroup = 922DFF8419D6594100364CF5 /* Products */;
			projectDirPath = "";
			projectRoot = "";
			targets = (
				922DFF8219D6594100364CF5 /* YuGiOhCard */,
			);
		};
/* End PBXProject section */

/* Begin PBXResourcesBuildPhase section */
		922DFF8119D6594100364CF5 /* Resources */ = {
			isa = PBXResourcesBuildPhase;
			buildActionMask = 2147483647;
			files = (
				928B1D1D19DA976B004EE0EE /* yugioh.db in Resources */,
				9287144E19D65BF100A0FD1F /* Main.storyboard in Resources */,
				928B1D1C19DA976B004EE0EE /* fav.db in Resources */,
				9221D83B19DA75F800E1DE1B /* AboutView.xib in Resources */,
				9287144C19D65B5A00A0FD1F /* CardStory.storyboard in Resources */,
				922DFF9019D6594100364CF5 /* Images.xcassets in Resources */,
				92655E4919D86177005F2265 /* SingleStories.storyboard in Resources */,
			);
			runOnlyForDeploymentPostprocessing = 0;
		};
/* End PBXResourcesBuildPhase section */

/* Begin PBXSourcesBuildPhase section */
		922DFF7F19D6594100364CF5 /* Sources */ = {
			isa = PBXSourcesBuildPhase;
			buildActionMask = 2147483647;
			files = (
				928B1D3819DA9DE1004EE0EE /* CardInfoViewController.swift in Sources */,
				928B1D5C19DAFDD9004EE0EE /* LatestViewController.swift in Sources */,
				9221D83319DA742200E1DE1B /* DiceView.swift in Sources */,
				928B1D6319DB0094004EE0EE /* PackItem.swift in Sources */,
				928B1D2219DA9839004EE0EE /* SearchResultViewController.swift in Sources */,
				922ABD1519DBEDE30058FBAC /* SettingViewController.swift in Sources */,
				928B1D1819DA820A004EE0EE /* CardConsts.swift in Sources */,
				922ABCFF19DBC5B00058FBAC /* ioapi.c in Sources */,
				928B1D6519DB08B8004EE0EE /* PackDetailViewController.swift in Sources */,
				92EEA74819D7A50700A04F78 /* RESideMenu.swift in Sources */,
				928B1D3A19DADBBB004EE0EE /* CardAdjustViewController.swift in Sources */,
				928B1D3619DA9C7E004EE0EE /* CardViewController.swift in Sources */,
				922DFF8919D6594100364CF5 /* AppDelegate.swift in Sources */,
				922ABD0119DBC5B00058FBAC /* unzip.c in Sources */,
				9221D83119DA721D00E1DE1B /* CoinView.swift in Sources */,
				9221D83D19DA760800E1DE1B /* AboutView.swift in Sources */,
				928B1D3C19DADC8F004EE0EE /* CardPicViewController.swift in Sources */,
				9221D81D19D983FB00E1DE1B /* CardItem.swift in Sources */,
				928B1D6719DB0D68004EE0EE /* ToolViewController.swift in Sources */,
				92655E4619D85F2F005F2265 /* StringConsts.swift in Sources */,
				9221D81819D9829C00E1DE1B /* ConfigUtils.swift in Sources */,
				92655E5019D8653D005F2265 /* SearchViewController.swift in Sources */,
				928B1D4E19DAFA67004EE0EE /* Limit2ViewController.swift in Sources */,
				928B1D3F19DADE5E004EE0EE /* UrlConsts.swift in Sources */,
				925E9DB619D814430004C479 /* RootViewController.swift in Sources */,
				9221D82419DA412300E1DE1B /* HttpUtils.swift in Sources */,
				922ABD0819DBC7AE0058FBAC /* ZipUtils.swift in Sources */,
				92655E4B19D861D9005F2265 /* RightMenuViewController.swift in Sources */,
				922ABD1719DBF3360058FBAC /* UpdateViewController.swift in Sources */,
				922ABD0019DBC5B00058FBAC /* mztools.c in Sources */,
				92EEA77819D801B700A04F78 /* UIViewController+RESideMenu.swift in Sources */,
				9221D82219DA30B900E1DE1B /* FileUtils.swift in Sources */,
				928B1D2819DA9BD6004EE0EE /* PushUtils.swift in Sources */,
				9221D82F19DA60AE00E1DE1B /* CardAttributePicker.swift in Sources */,
				9221D81F19D9858200E1DE1B /* DatabaseUtils.swift in Sources */,
				92DB756719DBAEC60082D06F /* FavViewController.swift in Sources */,
				928B1D5E19DAFE5E004EE0EE /* PackViewController.swift in Sources */,
				922ABD0319DBC5B00058FBAC /* ZipArchive.mm in Sources */,
				928B1D4C19DAF93F004EE0EE /* Limit1ViewController.swift in Sources */,
				92EE647519D857AB008866C9 /* LeftMenuViewController.swift in Sources */,
				922ABD0219DBC5B00058FBAC /* zip.c in Sources */,
				928B1D4A19DAF7D8004EE0EE /* LimitBanViewController.swift in Sources */,
				922ABD1319DBEB7A0058FBAC /* FeedbackViewController.swift in Sources */,
				9221D81619D9813D00E1DE1B /* ApplicationUtils.swift in Sources */,
			);
			runOnlyForDeploymentPostprocessing = 0;
		};
/* End PBXSourcesBuildPhase section */

/* Begin PBXVariantGroup section */
		922DFF8C19D6594100364CF5 /* Main.storyboard */ = {
			isa = PBXVariantGroup;
			children = (
				922DFF8D19D6594100364CF5 /* Base */,
			);
			name = Main.storyboard;
			sourceTree = "<group>";
		};
		92655E4719D86177005F2265 /* SingleStories.storyboard */ = {
			isa = PBXVariantGroup;
			children = (
				92655E4819D86177005F2265 /* Base */,
			);
			name = SingleStories.storyboard;
			sourceTree = "<group>";
		};
		9287144819D65B5A00A0FD1F /* CardStory.storyboard */ = {
			isa = PBXVariantGroup;
			children = (
				9287144919D65B5A00A0FD1F /* Base */,
			);
			name = CardStory.storyboard;
			sourceTree = "<group>";
		};
/* End PBXVariantGroup section */

/* Begin XCBuildConfiguration section */
		922DFFA019D6594100364CF5 /* Debug */ = {
			isa = XCBuildConfiguration;
			buildSettings = {
				ALWAYS_SEARCH_USER_PATHS = NO;
				CLANG_CXX_LANGUAGE_STANDARD = "gnu++0x";
				CLANG_CXX_LIBRARY = "libc++";
				CLANG_ENABLE_MODULES = YES;
				CLANG_ENABLE_OBJC_ARC = YES;
				CLANG_WARN_BOOL_CONVERSION = YES;
				CLANG_WARN_CONSTANT_CONVERSION = YES;
				CLANG_WARN_DIRECT_OBJC_ISA_USAGE = YES_ERROR;
				CLANG_WARN_EMPTY_BODY = YES;
				CLANG_WARN_ENUM_CONVERSION = YES;
				CLANG_WARN_INT_CONVERSION = YES;
				CLANG_WARN_OBJC_ROOT_CLASS = YES_ERROR;
				CLANG_WARN_UNREACHABLE_CODE = YES;
				CLANG_WARN__DUPLICATE_METHOD_MATCH = YES;
				"CODE_SIGN_IDENTITY[sdk=iphoneos*]" = "iPhone Developer";
				COPY_PHASE_STRIP = NO;
				ENABLE_STRICT_OBJC_MSGSEND = YES;
				GCC_C_LANGUAGE_STANDARD = gnu99;
				GCC_DYNAMIC_NO_PIC = NO;
				GCC_OPTIMIZATION_LEVEL = 0;
				GCC_PREPROCESSOR_DEFINITIONS = (
					"DEBUG=1",
					"$(inherited)",
				);
				GCC_SYMBOLS_PRIVATE_EXTERN = NO;
				GCC_WARN_64_TO_32_BIT_CONVERSION = YES;
				GCC_WARN_ABOUT_RETURN_TYPE = YES_ERROR;
				GCC_WARN_UNDECLARED_SELECTOR = YES;
				GCC_WARN_UNINITIALIZED_AUTOS = YES_AGGRESSIVE;
				GCC_WARN_UNUSED_FUNCTION = YES;
				GCC_WARN_UNUSED_VARIABLE = YES;
				IPHONEOS_DEPLOYMENT_TARGET = 7.0;
				MTL_ENABLE_DEBUG_INFO = YES;
				ONLY_ACTIVE_ARCH = YES;
				SDKROOT = iphoneos;
				SWIFT_OPTIMIZATION_LEVEL = "-Onone";
			};
			name = Debug;
		};
		922DFFA119D6594100364CF5 /* Release */ = {
			isa = XCBuildConfiguration;
			buildSettings = {
				ALWAYS_SEARCH_USER_PATHS = NO;
				CLANG_CXX_LANGUAGE_STANDARD = "gnu++0x";
				CLANG_CXX_LIBRARY = "libc++";
				CLANG_ENABLE_MODULES = YES;
				CLANG_ENABLE_OBJC_ARC = YES;
				CLANG_WARN_BOOL_CONVERSION = YES;
				CLANG_WARN_CONSTANT_CONVERSION = YES;
				CLANG_WARN_DIRECT_OBJC_ISA_USAGE = YES_ERROR;
				CLANG_WARN_EMPTY_BODY = YES;
				CLANG_WARN_ENUM_CONVERSION = YES;
				CLANG_WARN_INT_CONVERSION = YES;
				CLANG_WARN_OBJC_ROOT_CLASS = YES_ERROR;
				CLANG_WARN_UNREACHABLE_CODE = YES;
				CLANG_WARN__DUPLICATE_METHOD_MATCH = YES;
				"CODE_SIGN_IDENTITY[sdk=iphoneos*]" = "iPhone Developer";
				COPY_PHASE_STRIP = YES;
				ENABLE_NS_ASSERTIONS = NO;
				ENABLE_STRICT_OBJC_MSGSEND = YES;
				GCC_C_LANGUAGE_STANDARD = gnu99;
				GCC_WARN_64_TO_32_BIT_CONVERSION = YES;
				GCC_WARN_ABOUT_RETURN_TYPE = YES_ERROR;
				GCC_WARN_UNDECLARED_SELECTOR = YES;
				GCC_WARN_UNINITIALIZED_AUTOS = YES_AGGRESSIVE;
				GCC_WARN_UNUSED_FUNCTION = YES;
				GCC_WARN_UNUSED_VARIABLE = YES;
				IPHONEOS_DEPLOYMENT_TARGET = 7.0;
				MTL_ENABLE_DEBUG_INFO = NO;
				SDKROOT = iphoneos;
				VALIDATE_PRODUCT = YES;
			};
			name = Release;
		};
		922DFFA319D6594100364CF5 /* Debug */ = {
			isa = XCBuildConfiguration;
			buildSettings = {
				ASSETCATALOG_COMPILER_APPICON_NAME = AppIcon;
				ASSETCATALOG_COMPILER_LAUNCHIMAGE_NAME = LaunchImage;
				CLANG_ENABLE_MODULES = YES;
				INFOPLIST_FILE = YuGiOhCard/Info.plist;
				IPHONEOS_DEPLOYMENT_TARGET = 7.0;
				LD_RUNPATH_SEARCH_PATHS = "$(inherited) @executable_path/Frameworks";
				PRODUCT_NAME = "$(TARGET_NAME)";
				SWIFT_OBJC_BRIDGING_HEADER = SwiftBridge.h;
				SWIFT_OPTIMIZATION_LEVEL = "-Onone";
			};
			name = Debug;
		};
		922DFFA419D6594100364CF5 /* Release */ = {
			isa = XCBuildConfiguration;
			buildSettings = {
				ASSETCATALOG_COMPILER_APPICON_NAME = AppIcon;
				ASSETCATALOG_COMPILER_LAUNCHIMAGE_NAME = LaunchImage;
				CLANG_ENABLE_MODULES = YES;
				INFOPLIST_FILE = YuGiOhCard/Info.plist;
				IPHONEOS_DEPLOYMENT_TARGET = 7.0;
				LD_RUNPATH_SEARCH_PATHS = "$(inherited) @executable_path/Frameworks";
				PRODUCT_NAME = "$(TARGET_NAME)";
				SWIFT_OBJC_BRIDGING_HEADER = SwiftBridge.h;
			};
			name = Release;
		};
/* End XCBuildConfiguration section */

/* Begin XCConfigurationList section */
		922DFF7E19D6594100364CF5 /* Build configuration list for PBXProject "YuGiOhCard" */ = {
			isa = XCConfigurationList;
			buildConfigurations = (
				922DFFA019D6594100364CF5 /* Debug */,
				922DFFA119D6594100364CF5 /* Release */,
			);
			defaultConfigurationIsVisible = 0;
			defaultConfigurationName = Release;
		};
		922DFFA219D6594100364CF5 /* Build configuration list for PBXNativeTarget "YuGiOhCard" */ = {
			isa = XCConfigurationList;
			buildConfigurations = (
				922DFFA319D6594100364CF5 /* Debug */,
				922DFFA419D6594100364CF5 /* Release */,
			);
			defaultConfigurationIsVisible = 0;
			defaultConfigurationName = Release;
		};
/* End XCConfigurationList section */
	};
	rootObject = 922DFF7B19D6594100364CF5 /* Project object */;
}
